// !$*UTF8*$!
{
	archiveVersion = 1;
	classes = {
	};
	objectVersion = 55;
	objects = {

/* Begin PBXBuildFile section */
		007E4F2C176A0D6B4B7798A0 /* Pods_CoinList_CoinListUITests.framework in Frameworks */ = {isa = PBXBuildFile; fileRef = 9AE179BED85887D5AE0B741E /* Pods_CoinList_CoinListUITests.framework */; };
		335C09D37CFE78845BD220C9 /* Pods_CoinListTests.framework in Frameworks */ = {isa = PBXBuildFile; fileRef = C593C4AC71AD06898CDC5B7C /* Pods_CoinListTests.framework */; };
		9A058DB928DDF8360073A714 /* CoinResponse.swift in Sources */ = {isa = PBXBuildFile; fileRef = 9A058DB828DDF8360073A714 /* CoinResponse.swift */; };
		9A058DBB28DDFA260073A714 /* CoinStatsApi.swift in Sources */ = {isa = PBXBuildFile; fileRef = 9A058DBA28DDFA260073A714 /* CoinStatsApi.swift */; };
		9A22A6EE28DE1F9D004B967F /* R.generated.swift in Sources */ = {isa = PBXBuildFile; fileRef = 9A22A6ED28DE1F9D004B967F /* R.generated.swift */; };
		9A22A6F128DE2214004B967F /* RankLabelView.swift in Sources */ = {isa = PBXBuildFile; fileRef = 9A22A6F028DE2214004B967F /* RankLabelView.swift */; };
		9A22A6F428DE222A004B967F /* NibView.swift in Sources */ = {isa = PBXBuildFile; fileRef = 9A22A6F328DE222A004B967F /* NibView.swift */; };
		9A22A6F628DE23BA004B967F /* RankLabelView.xib in Resources */ = {isa = PBXBuildFile; fileRef = 9A22A6F528DE23BA004B967F /* RankLabelView.xib */; };
		9A22A6F928DE2ABB004B967F /* PercentChangeView.xib in Resources */ = {isa = PBXBuildFile; fileRef = 9A22A6F828DE2ABB004B967F /* PercentChangeView.xib */; };
		9A22A6FB28DE2ACD004B967F /* PercentChangeView.swift in Sources */ = {isa = PBXBuildFile; fileRef = 9A22A6FA28DE2ACD004B967F /* PercentChangeView.swift */; };
		9A22A70828DE3D33004B967F /* CoinListDataSource.swift in Sources */ = {isa = PBXBuildFile; fileRef = 9A22A70728DE3D33004B967F /* CoinListDataSource.swift */; };
		9A22A70B28DE3F1B004B967F /* UITableViewCell+identifier.swift in Sources */ = {isa = PBXBuildFile; fileRef = 9A22A70A28DE3F1B004B967F /* UITableViewCell+identifier.swift */; };
		9A22A70F28DE4F4F004B967F /* Launch Screen.storyboard in Resources */ = {isa = PBXBuildFile; fileRef = 9A22A70D28DE4F4F004B967F /* Launch Screen.storyboard */; };
		9A22A71228DE4F62004B967F /* Localizable.strings in Resources */ = {isa = PBXBuildFile; fileRef = 9A22A71028DE4F62004B967F /* Localizable.strings */; };
		9A22A71428DE5184004B967F /* Coin.swift in Sources */ = {isa = PBXBuildFile; fileRef = 9A22A71328DE5184004B967F /* Coin.swift */; };
		9A22A71628DF181C004B967F /* CoinUpdatesResponse.swift in Sources */ = {isa = PBXBuildFile; fileRef = 9A22A71528DF181C004B967F /* CoinUpdatesResponse.swift */; };
		9A22A71828DF182A004B967F /* CoinUpdate.swift in Sources */ = {isa = PBXBuildFile; fileRef = 9A22A71728DF182A004B967F /* CoinUpdate.swift */; };
		9A22A71A28DF297A004B967F /* Container+decodeArray.swift in Sources */ = {isa = PBXBuildFile; fileRef = 9A22A71928DF297A004B967F /* Container+decodeArray.swift */; };
		9A22A72128DF53BF004B967F /* NumberFormatter+currency.swift in Sources */ = {isa = PBXBuildFile; fileRef = 9A22A72028DF53BF004B967F /* NumberFormatter+currency.swift */; };
		9A22A72328DF554B004B967F /* CoinListNavigationBarView.xib in Resources */ = {isa = PBXBuildFile; fileRef = 9A22A72228DF554B004B967F /* CoinListNavigationBarView.xib */; };
		9A22A72728DF5902004B967F /* CoinListNavigationBarView.swift in Sources */ = {isa = PBXBuildFile; fileRef = 9A22A72628DF5902004B967F /* CoinListNavigationBarView.swift */; };
		9A40B09B28D9F26500C9BDC8 /* AppDelegate.swift in Sources */ = {isa = PBXBuildFile; fileRef = 9A40B09A28D9F26500C9BDC8 /* AppDelegate.swift */; };
		9A40B0A428D9F26600C9BDC8 /* Assets.xcassets in Resources */ = {isa = PBXBuildFile; fileRef = 9A40B0A328D9F26600C9BDC8 /* Assets.xcassets */; };
		9A40B0B228D9F26600C9BDC8 /* Coin_ListTests.swift in Sources */ = {isa = PBXBuildFile; fileRef = 9A40B0B128D9F26600C9BDC8 /* Coin_ListTests.swift */; };
		9A40B0BC28D9F26600C9BDC8 /* Coin_ListUITests.swift in Sources */ = {isa = PBXBuildFile; fileRef = 9A40B0BB28D9F26600C9BDC8 /* Coin_ListUITests.swift */; };
		9A40B0BE28D9F26600C9BDC8 /* Coin_ListUITestsLaunchTests.swift in Sources */ = {isa = PBXBuildFile; fileRef = 9A40B0BD28D9F26600C9BDC8 /* Coin_ListUITestsLaunchTests.swift */; };
		9A40B0D028D9F74300C9BDC8 /* CoinListViewController.swift in Sources */ = {isa = PBXBuildFile; fileRef = 9A40B0CE28D9F74300C9BDC8 /* CoinListViewController.swift */; };
		9A40B0D128D9F74300C9BDC8 /* CoinListViewController.xib in Resources */ = {isa = PBXBuildFile; fileRef = 9A40B0CF28D9F74300C9BDC8 /* CoinListViewController.xib */; };
		9AF520C828DE09B000E2C0A5 /* AppDelegate+container.swift in Sources */ = {isa = PBXBuildFile; fileRef = 9AF520C728DE09B000E2C0A5 /* AppDelegate+container.swift */; };
		9AF520CB28DE0AE400E2C0A5 /* CoinListViewModel.swift in Sources */ = {isa = PBXBuildFile; fileRef = 9AF520CA28DE0AE400E2C0A5 /* CoinListViewModel.swift */; };
		9AF520CE28DE0B3C00E2C0A5 /* CoinsApi.swift in Sources */ = {isa = PBXBuildFile; fileRef = 9AF520CD28DE0B3C00E2C0A5 /* CoinsApi.swift */; };
		9AF520D028DE0C6600E2C0A5 /* CoinStat.swift in Sources */ = {isa = PBXBuildFile; fileRef = 9AF520CF28DE0C6600E2C0A5 /* CoinStat.swift */; };
		9AF520DA28DE123A00E2C0A5 /* CoinTableViewCell.swift in Sources */ = {isa = PBXBuildFile; fileRef = 9AF520D828DE123A00E2C0A5 /* CoinTableViewCell.swift */; };
		9AF520DB28DE123A00E2C0A5 /* CoinTableViewCell.xib in Resources */ = {isa = PBXBuildFile; fileRef = 9AF520D928DE123A00E2C0A5 /* CoinTableViewCell.xib */; };
		9AF520E128DE15C500E2C0A5 /* SF-Pro.ttf in Resources */ = {isa = PBXBuildFile; fileRef = 9AF520E028DE15C500E2C0A5 /* SF-Pro.ttf */; };
		F3A512306A5518DBFD4C4A5C /* Pods_CoinList.framework in Frameworks */ = {isa = PBXBuildFile; fileRef = 02A36C50860E72554023AC6E /* Pods_CoinList.framework */; };
/* End PBXBuildFile section */

/* Begin PBXContainerItemProxy section */
		9A40B0AE28D9F26600C9BDC8 /* PBXContainerItemProxy */ = {
			isa = PBXContainerItemProxy;
			containerPortal = 9A40B08F28D9F26500C9BDC8 /* Project object */;
			proxyType = 1;
			remoteGlobalIDString = 9A40B09628D9F26500C9BDC8;
			remoteInfo = "Coin List";
		};
		9A40B0B828D9F26600C9BDC8 /* PBXContainerItemProxy */ = {
			isa = PBXContainerItemProxy;
			containerPortal = 9A40B08F28D9F26500C9BDC8 /* Project object */;
			proxyType = 1;
			remoteGlobalIDString = 9A40B09628D9F26500C9BDC8;
			remoteInfo = "Coin List";
		};
/* End PBXContainerItemProxy section */

/* Begin PBXFileReference section */
		02A36C50860E72554023AC6E /* Pods_CoinList.framework */ = {isa = PBXFileReference; explicitFileType = wrapper.framework; includeInIndex = 0; path = Pods_CoinList.framework; sourceTree = BUILT_PRODUCTS_DIR; };
		0D1AB96AD66EF6AE8E0FBDC6 /* Pods-CoinListTests.release.xcconfig */ = {isa = PBXFileReference; includeInIndex = 1; lastKnownFileType = text.xcconfig; name = "Pods-CoinListTests.release.xcconfig"; path = "Target Support Files/Pods-CoinListTests/Pods-CoinListTests.release.xcconfig"; sourceTree = "<group>"; };
		26E4BB244BAB4E71F8C082DF /* Pods-CoinList.release.xcconfig */ = {isa = PBXFileReference; includeInIndex = 1; lastKnownFileType = text.xcconfig; name = "Pods-CoinList.release.xcconfig"; path = "Target Support Files/Pods-CoinList/Pods-CoinList.release.xcconfig"; sourceTree = "<group>"; };
		2D46F374801516FAF69BAFD3 /* Pods-CoinList-CoinListUITests.release.xcconfig */ = {isa = PBXFileReference; includeInIndex = 1; lastKnownFileType = text.xcconfig; name = "Pods-CoinList-CoinListUITests.release.xcconfig"; path = "Target Support Files/Pods-CoinList-CoinListUITests/Pods-CoinList-CoinListUITests.release.xcconfig"; sourceTree = "<group>"; };
		2E0958E134E129C902B0409B /* Pods-Coin List.release.xcconfig */ = {isa = PBXFileReference; includeInIndex = 1; lastKnownFileType = text.xcconfig; name = "Pods-Coin List.release.xcconfig"; path = "Target Support Files/Pods-Coin List/Pods-Coin List.release.xcconfig"; sourceTree = "<group>"; };
		4125EB10044DBB301CA98ED1 /* Pods-Coin ListTests.debug.xcconfig */ = {isa = PBXFileReference; includeInIndex = 1; lastKnownFileType = text.xcconfig; name = "Pods-Coin ListTests.debug.xcconfig"; path = "Target Support Files/Pods-Coin ListTests/Pods-Coin ListTests.debug.xcconfig"; sourceTree = "<group>"; };
		45A02F38B46E6F4B96591767 /* Pods-Coin List-Coin ListUITests.debug.xcconfig */ = {isa = PBXFileReference; includeInIndex = 1; lastKnownFileType = text.xcconfig; name = "Pods-Coin List-Coin ListUITests.debug.xcconfig"; path = "Target Support Files/Pods-Coin List-Coin ListUITests/Pods-Coin List-Coin ListUITests.debug.xcconfig"; sourceTree = "<group>"; };
		4AE9DB2D1277C0BD65631603 /* Pods-Coin List-Coin ListUITests.release.xcconfig */ = {isa = PBXFileReference; includeInIndex = 1; lastKnownFileType = text.xcconfig; name = "Pods-Coin List-Coin ListUITests.release.xcconfig"; path = "Target Support Files/Pods-Coin List-Coin ListUITests/Pods-Coin List-Coin ListUITests.release.xcconfig"; sourceTree = "<group>"; };
		6490F395A75092281898F0CF /* Pods-CoinListTests.debug.xcconfig */ = {isa = PBXFileReference; includeInIndex = 1; lastKnownFileType = text.xcconfig; name = "Pods-CoinListTests.debug.xcconfig"; path = "Target Support Files/Pods-CoinListTests/Pods-CoinListTests.debug.xcconfig"; sourceTree = "<group>"; };
		7D5C1BFFF15909674974AE9A /* Pods-CoinList.debug.xcconfig */ = {isa = PBXFileReference; includeInIndex = 1; lastKnownFileType = text.xcconfig; name = "Pods-CoinList.debug.xcconfig"; path = "Target Support Files/Pods-CoinList/Pods-CoinList.debug.xcconfig"; sourceTree = "<group>"; };
		9A058DB828DDF8360073A714 /* CoinResponse.swift */ = {isa = PBXFileReference; lastKnownFileType = sourcecode.swift; path = CoinResponse.swift; sourceTree = "<group>"; };
		9A058DBA28DDFA260073A714 /* CoinStatsApi.swift */ = {isa = PBXFileReference; lastKnownFileType = sourcecode.swift; path = CoinStatsApi.swift; sourceTree = "<group>"; };
		9A22A6ED28DE1F9D004B967F /* R.generated.swift */ = {isa = PBXFileReference; fileEncoding = 4; lastKnownFileType = sourcecode.swift; path = R.generated.swift; sourceTree = "<group>"; };
		9A22A6F028DE2214004B967F /* RankLabelView.swift */ = {isa = PBXFileReference; lastKnownFileType = sourcecode.swift; path = RankLabelView.swift; sourceTree = "<group>"; };
		9A22A6F328DE222A004B967F /* NibView.swift */ = {isa = PBXFileReference; lastKnownFileType = sourcecode.swift; path = NibView.swift; sourceTree = "<group>"; };
		9A22A6F528DE23BA004B967F /* RankLabelView.xib */ = {isa = PBXFileReference; lastKnownFileType = file.xib; path = RankLabelView.xib; sourceTree = "<group>"; };
		9A22A6F828DE2ABB004B967F /* PercentChangeView.xib */ = {isa = PBXFileReference; lastKnownFileType = file.xib; path = PercentChangeView.xib; sourceTree = "<group>"; };
		9A22A6FA28DE2ACD004B967F /* PercentChangeView.swift */ = {isa = PBXFileReference; lastKnownFileType = sourcecode.swift; path = PercentChangeView.swift; sourceTree = "<group>"; };
		9A22A70728DE3D33004B967F /* CoinListDataSource.swift */ = {isa = PBXFileReference; lastKnownFileType = sourcecode.swift; path = CoinListDataSource.swift; sourceTree = "<group>"; };
		9A22A70A28DE3F1B004B967F /* UITableViewCell+identifier.swift */ = {isa = PBXFileReference; lastKnownFileType = sourcecode.swift; path = "UITableViewCell+identifier.swift"; sourceTree = "<group>"; };
		9A22A70E28DE4F4F004B967F /* Base */ = {isa = PBXFileReference; lastKnownFileType = file.storyboard; name = Base; path = "Base.lproj/Launch Screen.storyboard"; sourceTree = "<group>"; };
		9A22A71128DE4F62004B967F /* Base */ = {isa = PBXFileReference; lastKnownFileType = text.plist.strings; name = Base; path = Base.lproj/Localizable.strings; sourceTree = "<group>"; };
		9A22A71328DE5184004B967F /* Coin.swift */ = {isa = PBXFileReference; lastKnownFileType = sourcecode.swift; path = Coin.swift; sourceTree = "<group>"; };
		9A22A71528DF181C004B967F /* CoinUpdatesResponse.swift */ = {isa = PBXFileReference; lastKnownFileType = sourcecode.swift; path = CoinUpdatesResponse.swift; sourceTree = "<group>"; };
		9A22A71728DF182A004B967F /* CoinUpdate.swift */ = {isa = PBXFileReference; lastKnownFileType = sourcecode.swift; path = CoinUpdate.swift; sourceTree = "<group>"; };
		9A22A71928DF297A004B967F /* Container+decodeArray.swift */ = {isa = PBXFileReference; lastKnownFileType = sourcecode.swift; path = "Container+decodeArray.swift"; sourceTree = "<group>"; };
		9A22A71E28DF5204004B967F /* en */ = {isa = PBXFileReference; lastKnownFileType = text.plist.strings; name = en; path = "en.lproj/Launch Screen.strings"; sourceTree = "<group>"; };
		9A22A71F28DF520C004B967F /* en */ = {isa = PBXFileReference; lastKnownFileType = text.plist.strings; name = en; path = en.lproj/Localizable.strings; sourceTree = "<group>"; };
		9A22A72028DF53BF004B967F /* NumberFormatter+currency.swift */ = {isa = PBXFileReference; lastKnownFileType = sourcecode.swift; path = "NumberFormatter+currency.swift"; sourceTree = "<group>"; };
		9A22A72228DF554B004B967F /* CoinListNavigationBarView.xib */ = {isa = PBXFileReference; lastKnownFileType = file.xib; path = CoinListNavigationBarView.xib; sourceTree = "<group>"; };
		9A22A72628DF5902004B967F /* CoinListNavigationBarView.swift */ = {isa = PBXFileReference; lastKnownFileType = sourcecode.swift; path = CoinListNavigationBarView.swift; sourceTree = "<group>"; };
		9A40B09728D9F26500C9BDC8 /* CoinList.app */ = {isa = PBXFileReference; explicitFileType = wrapper.application; includeInIndex = 0; path = CoinList.app; sourceTree = BUILT_PRODUCTS_DIR; };
		9A40B09A28D9F26500C9BDC8 /* AppDelegate.swift */ = {isa = PBXFileReference; lastKnownFileType = sourcecode.swift; path = AppDelegate.swift; sourceTree = "<group>"; };
		9A40B0A328D9F26600C9BDC8 /* Assets.xcassets */ = {isa = PBXFileReference; lastKnownFileType = folder.assetcatalog; path = Assets.xcassets; sourceTree = "<group>"; };
		9A40B0A828D9F26600C9BDC8 /* Info.plist */ = {isa = PBXFileReference; lastKnownFileType = text.plist.xml; path = Info.plist; sourceTree = "<group>"; };
		9A40B0AD28D9F26600C9BDC8 /* CoinListTests.xctest */ = {isa = PBXFileReference; explicitFileType = wrapper.cfbundle; includeInIndex = 0; path = CoinListTests.xctest; sourceTree = BUILT_PRODUCTS_DIR; };
		9A40B0B128D9F26600C9BDC8 /* Coin_ListTests.swift */ = {isa = PBXFileReference; lastKnownFileType = sourcecode.swift; path = Coin_ListTests.swift; sourceTree = "<group>"; };
		9A40B0B728D9F26600C9BDC8 /* CoinListUITests.xctest */ = {isa = PBXFileReference; explicitFileType = wrapper.cfbundle; includeInIndex = 0; path = CoinListUITests.xctest; sourceTree = BUILT_PRODUCTS_DIR; };
		9A40B0BB28D9F26600C9BDC8 /* Coin_ListUITests.swift */ = {isa = PBXFileReference; lastKnownFileType = sourcecode.swift; path = Coin_ListUITests.swift; sourceTree = "<group>"; };
		9A40B0BD28D9F26600C9BDC8 /* Coin_ListUITestsLaunchTests.swift */ = {isa = PBXFileReference; lastKnownFileType = sourcecode.swift; path = Coin_ListUITestsLaunchTests.swift; sourceTree = "<group>"; };
		9A40B0CE28D9F74300C9BDC8 /* CoinListViewController.swift */ = {isa = PBXFileReference; lastKnownFileType = sourcecode.swift; path = CoinListViewController.swift; sourceTree = "<group>"; };
		9A40B0CF28D9F74300C9BDC8 /* CoinListViewController.xib */ = {isa = PBXFileReference; lastKnownFileType = file.xib; path = CoinListViewController.xib; sourceTree = "<group>"; };
		9AE179BED85887D5AE0B741E /* Pods_CoinList_CoinListUITests.framework */ = {isa = PBXFileReference; explicitFileType = wrapper.framework; includeInIndex = 0; path = Pods_CoinList_CoinListUITests.framework; sourceTree = BUILT_PRODUCTS_DIR; };
		9AF520C728DE09B000E2C0A5 /* AppDelegate+container.swift */ = {isa = PBXFileReference; lastKnownFileType = sourcecode.swift; path = "AppDelegate+container.swift"; sourceTree = "<group>"; };
		9AF520CA28DE0AE400E2C0A5 /* CoinListViewModel.swift */ = {isa = PBXFileReference; lastKnownFileType = sourcecode.swift; path = CoinListViewModel.swift; sourceTree = "<group>"; };
		9AF520CD28DE0B3C00E2C0A5 /* CoinsApi.swift */ = {isa = PBXFileReference; lastKnownFileType = sourcecode.swift; path = CoinsApi.swift; sourceTree = "<group>"; };
		9AF520CF28DE0C6600E2C0A5 /* CoinStat.swift */ = {isa = PBXFileReference; lastKnownFileType = sourcecode.swift; path = CoinStat.swift; sourceTree = "<group>"; };
		9AF520D828DE123A00E2C0A5 /* CoinTableViewCell.swift */ = {isa = PBXFileReference; lastKnownFileType = sourcecode.swift; path = CoinTableViewCell.swift; sourceTree = "<group>"; };
		9AF520D928DE123A00E2C0A5 /* CoinTableViewCell.xib */ = {isa = PBXFileReference; lastKnownFileType = file.xib; path = CoinTableViewCell.xib; sourceTree = "<group>"; };
		9AF520E028DE15C500E2C0A5 /* SF-Pro.ttf */ = {isa = PBXFileReference; lastKnownFileType = file; path = "SF-Pro.ttf"; sourceTree = "<group>"; };
		B8B9F4CB7762EE1E5ABD30A7 /* Pods-Coin List.debug.xcconfig */ = {isa = PBXFileReference; includeInIndex = 1; lastKnownFileType = text.xcconfig; name = "Pods-Coin List.debug.xcconfig"; path = "Target Support Files/Pods-Coin List/Pods-Coin List.debug.xcconfig"; sourceTree = "<group>"; };
		C593C4AC71AD06898CDC5B7C /* Pods_CoinListTests.framework */ = {isa = PBXFileReference; explicitFileType = wrapper.framework; includeInIndex = 0; path = Pods_CoinListTests.framework; sourceTree = BUILT_PRODUCTS_DIR; };
		EA99C408301E3CA97309C668 /* Pods-Coin ListTests.release.xcconfig */ = {isa = PBXFileReference; includeInIndex = 1; lastKnownFileType = text.xcconfig; name = "Pods-Coin ListTests.release.xcconfig"; path = "Target Support Files/Pods-Coin ListTests/Pods-Coin ListTests.release.xcconfig"; sourceTree = "<group>"; };
		EC9FBE0DC3F710E2B190EFF5 /* Pods-CoinList-CoinListUITests.debug.xcconfig */ = {isa = PBXFileReference; includeInIndex = 1; lastKnownFileType = text.xcconfig; name = "Pods-CoinList-CoinListUITests.debug.xcconfig"; path = "Target Support Files/Pods-CoinList-CoinListUITests/Pods-CoinList-CoinListUITests.debug.xcconfig"; sourceTree = "<group>"; };
/* End PBXFileReference section */

/* Begin PBXFrameworksBuildPhase section */
		9A40B09428D9F26500C9BDC8 /* Frameworks */ = {
			isa = PBXFrameworksBuildPhase;
			buildActionMask = 2147483647;
			files = (
				F3A512306A5518DBFD4C4A5C /* Pods_CoinList.framework in Frameworks */,
			);
			runOnlyForDeploymentPostprocessing = 0;
		};
		9A40B0AA28D9F26600C9BDC8 /* Frameworks */ = {
			isa = PBXFrameworksBuildPhase;
			buildActionMask = 2147483647;
			files = (
				335C09D37CFE78845BD220C9 /* Pods_CoinListTests.framework in Frameworks */,
			);
			runOnlyForDeploymentPostprocessing = 0;
		};
		9A40B0B428D9F26600C9BDC8 /* Frameworks */ = {
			isa = PBXFrameworksBuildPhase;
			buildActionMask = 2147483647;
			files = (
				007E4F2C176A0D6B4B7798A0 /* Pods_CoinList_CoinListUITests.framework in Frameworks */,
			);
			runOnlyForDeploymentPostprocessing = 0;
		};
/* End PBXFrameworksBuildPhase section */

/* Begin PBXGroup section */
		21C9E3A2E3EF17F3B1D7C3C2 /* Pods */ = {
			isa = PBXGroup;
			children = (
				B8B9F4CB7762EE1E5ABD30A7 /* Pods-Coin List.debug.xcconfig */,
				2E0958E134E129C902B0409B /* Pods-Coin List.release.xcconfig */,
				45A02F38B46E6F4B96591767 /* Pods-Coin List-Coin ListUITests.debug.xcconfig */,
				4AE9DB2D1277C0BD65631603 /* Pods-Coin List-Coin ListUITests.release.xcconfig */,
				4125EB10044DBB301CA98ED1 /* Pods-Coin ListTests.debug.xcconfig */,
				EA99C408301E3CA97309C668 /* Pods-Coin ListTests.release.xcconfig */,
				7D5C1BFFF15909674974AE9A /* Pods-CoinList.debug.xcconfig */,
				26E4BB244BAB4E71F8C082DF /* Pods-CoinList.release.xcconfig */,
				EC9FBE0DC3F710E2B190EFF5 /* Pods-CoinList-CoinListUITests.debug.xcconfig */,
				2D46F374801516FAF69BAFD3 /* Pods-CoinList-CoinListUITests.release.xcconfig */,
				6490F395A75092281898F0CF /* Pods-CoinListTests.debug.xcconfig */,
				0D1AB96AD66EF6AE8E0FBDC6 /* Pods-CoinListTests.release.xcconfig */,
			);
			path = Pods;
			sourceTree = "<group>";
		};
		6673FC53370E5D5A286C127C /* Frameworks */ = {
			isa = PBXGroup;
			children = (
				02A36C50860E72554023AC6E /* Pods_CoinList.framework */,
				9AE179BED85887D5AE0B741E /* Pods_CoinList_CoinListUITests.framework */,
				C593C4AC71AD06898CDC5B7C /* Pods_CoinListTests.framework */,
			);
			name = Frameworks;
			sourceTree = "<group>";
		};
		9A058DB428DDF5BC0073A714 /* Data */ = {
			isa = PBXGroup;
			children = (
				9A058DB528DDF5D80073A714 /* API */,
			);
			path = Data;
			sourceTree = "<group>";
		};
		9A058DB528DDF5D80073A714 /* API */ = {
			isa = PBXGroup;
			children = (
				9A058DB628DDF6000073A714 /* CoinStats */,
			);
			path = API;
			sourceTree = "<group>";
		};
		9A058DB628DDF6000073A714 /* CoinStats */ = {
			isa = PBXGroup;
			children = (
				9A058DB728DDF6180073A714 /* Models */,
				9A058DBA28DDFA260073A714 /* CoinStatsApi.swift */,
			);
			path = CoinStats;
			sourceTree = "<group>";
		};
		9A058DB728DDF6180073A714 /* Models */ = {
			isa = PBXGroup;
			children = (
				9A058DB828DDF8360073A714 /* CoinResponse.swift */,
				9A22A71328DE5184004B967F /* Coin.swift */,
				9A22A71528DF181C004B967F /* CoinUpdatesResponse.swift */,
				9A22A71728DF182A004B967F /* CoinUpdate.swift */,
			);
			path = Models;
			sourceTree = "<group>";
		};
		9A22A6EF28DE21DB004B967F /* RankLabelView */ = {
			isa = PBXGroup;
			children = (
				9A22A6F028DE2214004B967F /* RankLabelView.swift */,
				9A22A6F528DE23BA004B967F /* RankLabelView.xib */,
			);
			path = RankLabelView;
			sourceTree = "<group>";
		};
		9A22A6F228DE221E004B967F /* Common */ = {
			isa = PBXGroup;
			children = (
				9A22A6F328DE222A004B967F /* NibView.swift */,
			);
			path = Common;
			sourceTree = "<group>";
		};
		9A22A6F728DE2A97004B967F /* PercentChangeView */ = {
			isa = PBXGroup;
			children = (
				9A22A6F828DE2ABB004B967F /* PercentChangeView.xib */,
				9A22A6FA28DE2ACD004B967F /* PercentChangeView.swift */,
			);
			path = PercentChangeView;
			sourceTree = "<group>";
		};
		9A22A70928DE3F0A004B967F /* Extensions */ = {
			isa = PBXGroup;
			children = (
				9A22A70A28DE3F1B004B967F /* UITableViewCell+identifier.swift */,
				9A22A71928DF297A004B967F /* Container+decodeArray.swift */,
				9A22A72028DF53BF004B967F /* NumberFormatter+currency.swift */,
			);
			path = Extensions;
			sourceTree = "<group>";
		};
		9A22A71B28DF2B07004B967F /* Models */ = {
			isa = PBXGroup;
			children = (
				9AF520CF28DE0C6600E2C0A5 /* CoinStat.swift */,
			);
			path = Models;
			sourceTree = "<group>";
		};
		9A22A71C28DF2B1F004B967F /* DataSource */ = {
			isa = PBXGroup;
			children = (
				9A22A70728DE3D33004B967F /* CoinListDataSource.swift */,
			);
			path = DataSource;
			sourceTree = "<group>";
		};
		9A22A72428DF5842004B967F /* CoinListNavigationBar */ = {
			isa = PBXGroup;
			children = (
				9A22A72228DF554B004B967F /* CoinListNavigationBarView.xib */,
				9A22A72628DF5902004B967F /* CoinListNavigationBarView.swift */,
			);
			path = CoinListNavigationBar;
			sourceTree = "<group>";
		};
		9A22A72528DF5863004B967F /* Views */ = {
			isa = PBXGroup;
			children = (
				9A22A72428DF5842004B967F /* CoinListNavigationBar */,
			);
			path = Views;
			sourceTree = "<group>";
		};
		9A40B08E28D9F26500C9BDC8 = {
			isa = PBXGroup;
			children = (
				9A40B09928D9F26500C9BDC8 /* CoinList */,
				9A40B0B028D9F26600C9BDC8 /* CoinListTests */,
				9A40B0BA28D9F26600C9BDC8 /* CoinListUITests */,
				9A40B09828D9F26500C9BDC8 /* Products */,
				21C9E3A2E3EF17F3B1D7C3C2 /* Pods */,
				6673FC53370E5D5A286C127C /* Frameworks */,
			);
			sourceTree = "<group>";
		};
		9A40B09828D9F26500C9BDC8 /* Products */ = {
			isa = PBXGroup;
			children = (
				9A40B09728D9F26500C9BDC8 /* CoinList.app */,
				9A40B0AD28D9F26600C9BDC8 /* CoinListTests.xctest */,
				9A40B0B728D9F26600C9BDC8 /* CoinListUITests.xctest */,
			);
			name = Products;
			sourceTree = "<group>";
		};
		9A40B09928D9F26500C9BDC8 /* CoinList */ = {
			isa = PBXGroup;
			children = (
				9A22A70928DE3F0A004B967F /* Extensions */,
				9A22A6F228DE221E004B967F /* Common */,
				9AF520DC28DE150800E2C0A5 /* Resources */,
				9AF520C628DE088700E2C0A5 /* DI */,
				9A058DB428DDF5BC0073A714 /* Data */,
				9A40B0CA28D9F62400C9BDC8 /* Presenation */,
				9A40B09A28D9F26500C9BDC8 /* AppDelegate.swift */,
				9A40B0A828D9F26600C9BDC8 /* Info.plist */,
			);
			path = CoinList;
			sourceTree = "<group>";
		};
		9A40B0B028D9F26600C9BDC8 /* CoinListTests */ = {
			isa = PBXGroup;
			children = (
				9A40B0B128D9F26600C9BDC8 /* Coin_ListTests.swift */,
			);
			path = CoinListTests;
			sourceTree = "<group>";
		};
		9A40B0BA28D9F26600C9BDC8 /* CoinListUITests */ = {
			isa = PBXGroup;
			children = (
				9A40B0BB28D9F26600C9BDC8 /* Coin_ListUITests.swift */,
				9A40B0BD28D9F26600C9BDC8 /* Coin_ListUITestsLaunchTests.swift */,
			);
			path = CoinListUITests;
			sourceTree = "<group>";
		};
		9A40B0CA28D9F62400C9BDC8 /* Presenation */ = {
			isa = PBXGroup;
			children = (
				9A40B0CB28D9F6E800C9BDC8 /* CoinList */,
			);
			path = Presenation;
			sourceTree = "<group>";
		};
		9A40B0CB28D9F6E800C9BDC8 /* CoinList */ = {
			isa = PBXGroup;
			children = (
				9AF520C928DE0AD100E2C0A5 /* ViewModel */,
				9A40B0CC28D9F70C00C9BDC8 /* View */,
			);
			path = CoinList;
			sourceTree = "<group>";
		};
		9A40B0CC28D9F70C00C9BDC8 /* View */ = {
			isa = PBXGroup;
			children = (
				9A22A71C28DF2B1F004B967F /* DataSource */,
				9AF520D728DE121400E2C0A5 /* Cells */,
				9A40B0CD28D9F71900C9BDC8 /* ViewController */,
			);
			path = View;
			sourceTree = "<group>";
		};
		9A40B0CD28D9F71900C9BDC8 /* ViewController */ = {
			isa = PBXGroup;
			children = (
				9A22A72528DF5863004B967F /* Views */,
				9A40B0CE28D9F74300C9BDC8 /* CoinListViewController.swift */,
				9A40B0CF28D9F74300C9BDC8 /* CoinListViewController.xib */,
			);
			path = ViewController;
			sourceTree = "<group>";
		};
		9AF520C628DE088700E2C0A5 /* DI */ = {
			isa = PBXGroup;
			children = (
				9AF520C728DE09B000E2C0A5 /* AppDelegate+container.swift */,
			);
			path = DI;
			sourceTree = "<group>";
		};
		9AF520C928DE0AD100E2C0A5 /* ViewModel */ = {
			isa = PBXGroup;
			children = (
				9A22A71B28DF2B07004B967F /* Models */,
				9AF520CC28DE0B0300E2C0A5 /* Dependencies */,
				9AF520CA28DE0AE400E2C0A5 /* CoinListViewModel.swift */,
			);
			path = ViewModel;
			sourceTree = "<group>";
		};
		9AF520CC28DE0B0300E2C0A5 /* Dependencies */ = {
			isa = PBXGroup;
			children = (
				9AF520CD28DE0B3C00E2C0A5 /* CoinsApi.swift */,
			);
			path = Dependencies;
			sourceTree = "<group>";
		};
		9AF520D728DE121400E2C0A5 /* Cells */ = {
			isa = PBXGroup;
			children = (
				9AF520E828DE19FA00E2C0A5 /* Views */,
				9AF520D828DE123A00E2C0A5 /* CoinTableViewCell.swift */,
				9AF520D928DE123A00E2C0A5 /* CoinTableViewCell.xib */,
			);
			path = Cells;
			sourceTree = "<group>";
		};
		9AF520DC28DE150800E2C0A5 /* Resources */ = {
			isa = PBXGroup;
			children = (
				9AF5212828DE1F1400E2C0A5 /* R.Swift */,
				9AF520DD28DE151500E2C0A5 /* Fonts */,
				9A40B0A328D9F26600C9BDC8 /* Assets.xcassets */,
				9A22A71028DE4F62004B967F /* Localizable.strings */,
				9A22A70D28DE4F4F004B967F /* Launch Screen.storyboard */,
			);
			path = Resources;
			sourceTree = "<group>";
		};
		9AF520DD28DE151500E2C0A5 /* Fonts */ = {
			isa = PBXGroup;
			children = (
				9AF520E028DE15C500E2C0A5 /* SF-Pro.ttf */,
			);
			path = Fonts;
			sourceTree = "<group>";
		};
		9AF520E828DE19FA00E2C0A5 /* Views */ = {
			isa = PBXGroup;
			children = (
				9A22A6F728DE2A97004B967F /* PercentChangeView */,
				9A22A6EF28DE21DB004B967F /* RankLabelView */,
			);
			path = Views;
			sourceTree = "<group>";
		};
		9AF5212828DE1F1400E2C0A5 /* R.Swift */ = {
			isa = PBXGroup;
			children = (
				9A22A6ED28DE1F9D004B967F /* R.generated.swift */,
			);
			path = R.Swift;
			sourceTree = "<group>";
		};
/* End PBXGroup section */

/* Begin PBXNativeTarget section */
		9A40B09628D9F26500C9BDC8 /* CoinList */ = {
			isa = PBXNativeTarget;
			buildConfigurationList = 9A40B0C128D9F26600C9BDC8 /* Build configuration list for PBXNativeTarget "CoinList" */;
			buildPhases = (
				2297588414BAE0299B94E63C /* [CP] Check Pods Manifest.lock */,
				9AF520EB28DE1A9A00E2C0A5 /* R.swift */,
				9A40B09328D9F26500C9BDC8 /* Sources */,
				9A40B09428D9F26500C9BDC8 /* Frameworks */,
				9A40B09528D9F26500C9BDC8 /* Resources */,
				8C779BA919F2A14E8498AA7D /* [CP] Embed Pods Frameworks */,
			);
			buildRules = (
			);
			dependencies = (
			);
			name = CoinList;
			productName = "Coin List";
			productReference = 9A40B09728D9F26500C9BDC8 /* CoinList.app */;
			productType = "com.apple.product-type.application";
		};
		9A40B0AC28D9F26600C9BDC8 /* CoinListTests */ = {
			isa = PBXNativeTarget;
			buildConfigurationList = 9A40B0C428D9F26600C9BDC8 /* Build configuration list for PBXNativeTarget "CoinListTests" */;
			buildPhases = (
				0A35A63801BB8BDAFD02765E /* [CP] Check Pods Manifest.lock */,
				9A40B0A928D9F26600C9BDC8 /* Sources */,
				9A40B0AA28D9F26600C9BDC8 /* Frameworks */,
				9A40B0AB28D9F26600C9BDC8 /* Resources */,
			);
			buildRules = (
			);
			dependencies = (
				9A40B0AF28D9F26600C9BDC8 /* PBXTargetDependency */,
			);
			name = CoinListTests;
			productName = "Coin ListTests";
			productReference = 9A40B0AD28D9F26600C9BDC8 /* CoinListTests.xctest */;
			productType = "com.apple.product-type.bundle.unit-test";
		};
		9A40B0B628D9F26600C9BDC8 /* CoinListUITests */ = {
			isa = PBXNativeTarget;
			buildConfigurationList = 9A40B0C728D9F26600C9BDC8 /* Build configuration list for PBXNativeTarget "CoinListUITests" */;
			buildPhases = (
				0614500C059CDCE4F80A6DDA /* [CP] Check Pods Manifest.lock */,
				9A40B0B328D9F26600C9BDC8 /* Sources */,
				9A40B0B428D9F26600C9BDC8 /* Frameworks */,
				9A40B0B528D9F26600C9BDC8 /* Resources */,
				04AEE173AA6078A470BA715E /* [CP] Embed Pods Frameworks */,
			);
			buildRules = (
			);
			dependencies = (
				9A40B0B928D9F26600C9BDC8 /* PBXTargetDependency */,
			);
			name = CoinListUITests;
			productName = "Coin ListUITests";
			productReference = 9A40B0B728D9F26600C9BDC8 /* CoinListUITests.xctest */;
			productType = "com.apple.product-type.bundle.ui-testing";
		};
/* End PBXNativeTarget section */

/* Begin PBXProject section */
		9A40B08F28D9F26500C9BDC8 /* Project object */ = {
			isa = PBXProject;
			attributes = {
				BuildIndependentTargetsInParallel = 1;
				LastSwiftUpdateCheck = 1340;
				LastUpgradeCheck = 1340;
				TargetAttributes = {
					9A40B09628D9F26500C9BDC8 = {
						CreatedOnToolsVersion = 13.4.1;
					};
					9A40B0AC28D9F26600C9BDC8 = {
						CreatedOnToolsVersion = 13.4.1;
						TestTargetID = 9A40B09628D9F26500C9BDC8;
					};
					9A40B0B628D9F26600C9BDC8 = {
						CreatedOnToolsVersion = 13.4.1;
						TestTargetID = 9A40B09628D9F26500C9BDC8;
					};
				};
			};
			buildConfigurationList = 9A40B09228D9F26500C9BDC8 /* Build configuration list for PBXProject "CoinList" */;
			compatibilityVersion = "Xcode 13.0";
			developmentRegion = en;
			hasScannedForEncodings = 0;
			knownRegions = (
				en,
				Base,
			);
			mainGroup = 9A40B08E28D9F26500C9BDC8;
			productRefGroup = 9A40B09828D9F26500C9BDC8 /* Products */;
			projectDirPath = "";
			projectRoot = "";
			targets = (
				9A40B09628D9F26500C9BDC8 /* CoinList */,
				9A40B0AC28D9F26600C9BDC8 /* CoinListTests */,
				9A40B0B628D9F26600C9BDC8 /* CoinListUITests */,
			);
		};
/* End PBXProject section */

/* Begin PBXResourcesBuildPhase section */
		9A40B09528D9F26500C9BDC8 /* Resources */ = {
			isa = PBXResourcesBuildPhase;
			buildActionMask = 2147483647;
			files = (
				9A40B0D128D9F74300C9BDC8 /* CoinListViewController.xib in Resources */,
				9A22A72328DF554B004B967F /* CoinListNavigationBarView.xib in Resources */,
				9AF520E128DE15C500E2C0A5 /* SF-Pro.ttf in Resources */,
				9AF520DB28DE123A00E2C0A5 /* CoinTableViewCell.xib in Resources */,
				9A40B0A428D9F26600C9BDC8 /* Assets.xcassets in Resources */,
				9A22A6F928DE2ABB004B967F /* PercentChangeView.xib in Resources */,
				9A22A71228DE4F62004B967F /* Localizable.strings in Resources */,
				9A22A6F628DE23BA004B967F /* RankLabelView.xib in Resources */,
				9A22A70F28DE4F4F004B967F /* Launch Screen.storyboard in Resources */,
			);
			runOnlyForDeploymentPostprocessing = 0;
		};
		9A40B0AB28D9F26600C9BDC8 /* Resources */ = {
			isa = PBXResourcesBuildPhase;
			buildActionMask = 2147483647;
			files = (
			);
			runOnlyForDeploymentPostprocessing = 0;
		};
		9A40B0B528D9F26600C9BDC8 /* Resources */ = {
			isa = PBXResourcesBuildPhase;
			buildActionMask = 2147483647;
			files = (
			);
			runOnlyForDeploymentPostprocessing = 0;
		};
/* End PBXResourcesBuildPhase section */

/* Begin PBXShellScriptBuildPhase section */
		04AEE173AA6078A470BA715E /* [CP] Embed Pods Frameworks */ = {
			isa = PBXShellScriptBuildPhase;
			buildActionMask = 2147483647;
			files = (
			);
			inputFileListPaths = (
				"${PODS_ROOT}/Target Support Files/Pods-CoinList-CoinListUITests/Pods-CoinList-CoinListUITests-frameworks-${CONFIGURATION}-input-files.xcfilelist",
			);
			name = "[CP] Embed Pods Frameworks";
			outputFileListPaths = (
				"${PODS_ROOT}/Target Support Files/Pods-CoinList-CoinListUITests/Pods-CoinList-CoinListUITests-frameworks-${CONFIGURATION}-output-files.xcfilelist",
			);
			runOnlyForDeploymentPostprocessing = 0;
			shellPath = /bin/sh;
			shellScript = "\"${PODS_ROOT}/Target Support Files/Pods-CoinList-CoinListUITests/Pods-CoinList-CoinListUITests-frameworks.sh\"\n";
			showEnvVarsInLog = 0;
		};
		0614500C059CDCE4F80A6DDA /* [CP] Check Pods Manifest.lock */ = {
			isa = PBXShellScriptBuildPhase;
			buildActionMask = 2147483647;
			files = (
			);
			inputFileListPaths = (
			);
			inputPaths = (
				"${PODS_PODFILE_DIR_PATH}/Podfile.lock",
				"${PODS_ROOT}/Manifest.lock",
			);
			name = "[CP] Check Pods Manifest.lock";
			outputFileListPaths = (
			);
			outputPaths = (
				"$(DERIVED_FILE_DIR)/Pods-CoinList-CoinListUITests-checkManifestLockResult.txt",
			);
			runOnlyForDeploymentPostprocessing = 0;
			shellPath = /bin/sh;
			shellScript = "diff \"${PODS_PODFILE_DIR_PATH}/Podfile.lock\" \"${PODS_ROOT}/Manifest.lock\" > /dev/null\nif [ $? != 0 ] ; then\n    # print error to STDERR\n    echo \"error: The sandbox is not in sync with the Podfile.lock. Run 'pod install' or update your CocoaPods installation.\" >&2\n    exit 1\nfi\n# This output is used by Xcode 'outputs' to avoid re-running this script phase.\necho \"SUCCESS\" > \"${SCRIPT_OUTPUT_FILE_0}\"\n";
			showEnvVarsInLog = 0;
		};
		0A35A63801BB8BDAFD02765E /* [CP] Check Pods Manifest.lock */ = {
			isa = PBXShellScriptBuildPhase;
			buildActionMask = 2147483647;
			files = (
			);
			inputFileListPaths = (
			);
			inputPaths = (
				"${PODS_PODFILE_DIR_PATH}/Podfile.lock",
				"${PODS_ROOT}/Manifest.lock",
			);
			name = "[CP] Check Pods Manifest.lock";
			outputFileListPaths = (
			);
			outputPaths = (
				"$(DERIVED_FILE_DIR)/Pods-CoinListTests-checkManifestLockResult.txt",
			);
			runOnlyForDeploymentPostprocessing = 0;
			shellPath = /bin/sh;
			shellScript = "diff \"${PODS_PODFILE_DIR_PATH}/Podfile.lock\" \"${PODS_ROOT}/Manifest.lock\" > /dev/null\nif [ $? != 0 ] ; then\n    # print error to STDERR\n    echo \"error: The sandbox is not in sync with the Podfile.lock. Run 'pod install' or update your CocoaPods installation.\" >&2\n    exit 1\nfi\n# This output is used by Xcode 'outputs' to avoid re-running this script phase.\necho \"SUCCESS\" > \"${SCRIPT_OUTPUT_FILE_0}\"\n";
			showEnvVarsInLog = 0;
		};
		2297588414BAE0299B94E63C /* [CP] Check Pods Manifest.lock */ = {
			isa = PBXShellScriptBuildPhase;
			buildActionMask = 2147483647;
			files = (
			);
			inputFileListPaths = (
			);
			inputPaths = (
				"${PODS_PODFILE_DIR_PATH}/Podfile.lock",
				"${PODS_ROOT}/Manifest.lock",
			);
			name = "[CP] Check Pods Manifest.lock";
			outputFileListPaths = (
			);
			outputPaths = (
				"$(DERIVED_FILE_DIR)/Pods-CoinList-checkManifestLockResult.txt",
			);
			runOnlyForDeploymentPostprocessing = 0;
			shellPath = /bin/sh;
			shellScript = "diff \"${PODS_PODFILE_DIR_PATH}/Podfile.lock\" \"${PODS_ROOT}/Manifest.lock\" > /dev/null\nif [ $? != 0 ] ; then\n    # print error to STDERR\n    echo \"error: The sandbox is not in sync with the Podfile.lock. Run 'pod install' or update your CocoaPods installation.\" >&2\n    exit 1\nfi\n# This output is used by Xcode 'outputs' to avoid re-running this script phase.\necho \"SUCCESS\" > \"${SCRIPT_OUTPUT_FILE_0}\"\n";
			showEnvVarsInLog = 0;
		};
		8C779BA919F2A14E8498AA7D /* [CP] Embed Pods Frameworks */ = {
			isa = PBXShellScriptBuildPhase;
			buildActionMask = 2147483647;
			files = (
			);
			inputFileListPaths = (
				"${PODS_ROOT}/Target Support Files/Pods-CoinList/Pods-CoinList-frameworks-${CONFIGURATION}-input-files.xcfilelist",
			);
			name = "[CP] Embed Pods Frameworks";
			outputFileListPaths = (
				"${PODS_ROOT}/Target Support Files/Pods-CoinList/Pods-CoinList-frameworks-${CONFIGURATION}-output-files.xcfilelist",
			);
			runOnlyForDeploymentPostprocessing = 0;
			shellPath = /bin/sh;
			shellScript = "\"${PODS_ROOT}/Target Support Files/Pods-CoinList/Pods-CoinList-frameworks.sh\"\n";
			showEnvVarsInLog = 0;
		};
		9AF520EB28DE1A9A00E2C0A5 /* R.swift */ = {
			isa = PBXShellScriptBuildPhase;
			alwaysOutOfDate = 1;
			buildActionMask = 2147483647;
			files = (
			);
			inputFileListPaths = (
			);
			inputPaths = (
			);
			name = R.swift;
			outputFileListPaths = (
			);
			outputPaths = (
				$SRCROOT/R.generated.swift,
			);
			runOnlyForDeploymentPostprocessing = 0;
			shellPath = /bin/sh;
			shellScript = "\"$PODS_ROOT/R.swift/rswift\" generate \"$SRCROOT/CoinList/Resources/R.Swift/R.generated.swift\"\n";
		};
/* End PBXShellScriptBuildPhase section */

/* Begin PBXSourcesBuildPhase section */
		9A40B09328D9F26500C9BDC8 /* Sources */ = {
			isa = PBXSourcesBuildPhase;
			buildActionMask = 2147483647;
			files = (
				9AF520C828DE09B000E2C0A5 /* AppDelegate+container.swift in Sources */,
				9A22A6F128DE2214004B967F /* RankLabelView.swift in Sources */,
				9A40B09B28D9F26500C9BDC8 /* AppDelegate.swift in Sources */,
				9A22A70B28DE3F1B004B967F /* UITableViewCell+identifier.swift in Sources */,
				9A22A6FB28DE2ACD004B967F /* PercentChangeView.swift in Sources */,
				9AF520D028DE0C6600E2C0A5 /* CoinStat.swift in Sources */,
				9A22A71A28DF297A004B967F /* Container+decodeArray.swift in Sources */,
				9A22A6F428DE222A004B967F /* NibView.swift in Sources */,
				9AF520DA28DE123A00E2C0A5 /* CoinTableViewCell.swift in Sources */,
				9A22A71628DF181C004B967F /* CoinUpdatesResponse.swift in Sources */,
				9A22A71828DF182A004B967F /* CoinUpdate.swift in Sources */,
				9A058DB928DDF8360073A714 /* CoinResponse.swift in Sources */,
				9AF520CB28DE0AE400E2C0A5 /* CoinListViewModel.swift in Sources */,
				9A40B0D028D9F74300C9BDC8 /* CoinListViewController.swift in Sources */,
				9A058DBB28DDFA260073A714 /* CoinStatsApi.swift in Sources */,
				9A22A70828DE3D33004B967F /* CoinListDataSource.swift in Sources */,
				9A22A72728DF5902004B967F /* CoinListNavigationBarView.swift in Sources */,
				9A22A72128DF53BF004B967F /* NumberFormatter+currency.swift in Sources */,
				9AF520CE28DE0B3C00E2C0A5 /* CoinsApi.swift in Sources */,
				9A22A6EE28DE1F9D004B967F /* R.generated.swift in Sources */,
				9A22A71428DE5184004B967F /* Coin.swift in Sources */,
			);
			runOnlyForDeploymentPostprocessing = 0;
		};
		9A40B0A928D9F26600C9BDC8 /* Sources */ = {
			isa = PBXSourcesBuildPhase;
			buildActionMask = 2147483647;
			files = (
				9A40B0B228D9F26600C9BDC8 /* Coin_ListTests.swift in Sources */,
			);
			runOnlyForDeploymentPostprocessing = 0;
		};
		9A40B0B328D9F26600C9BDC8 /* Sources */ = {
			isa = PBXSourcesBuildPhase;
			buildActionMask = 2147483647;
			files = (
				9A40B0BC28D9F26600C9BDC8 /* Coin_ListUITests.swift in Sources */,
				9A40B0BE28D9F26600C9BDC8 /* Coin_ListUITestsLaunchTests.swift in Sources */,
			);
			runOnlyForDeploymentPostprocessing = 0;
		};
/* End PBXSourcesBuildPhase section */

/* Begin PBXTargetDependency section */
		9A40B0AF28D9F26600C9BDC8 /* PBXTargetDependency */ = {
			isa = PBXTargetDependency;
			target = 9A40B09628D9F26500C9BDC8 /* CoinList */;
			targetProxy = 9A40B0AE28D9F26600C9BDC8 /* PBXContainerItemProxy */;
		};
		9A40B0B928D9F26600C9BDC8 /* PBXTargetDependency */ = {
			isa = PBXTargetDependency;
			target = 9A40B09628D9F26500C9BDC8 /* CoinList */;
			targetProxy = 9A40B0B828D9F26600C9BDC8 /* PBXContainerItemProxy */;
		};
/* End PBXTargetDependency section */

/* Begin PBXVariantGroup section */
		9A22A70D28DE4F4F004B967F /* Launch Screen.storyboard */ = {
			isa = PBXVariantGroup;
			children = (
				9A22A70E28DE4F4F004B967F /* Base */,
				9A22A71E28DF5204004B967F /* en */,
			);
			name = "Launch Screen.storyboard";
			sourceTree = "<group>";
		};
		9A22A71028DE4F62004B967F /* Localizable.strings */ = {
			isa = PBXVariantGroup;
			children = (
				9A22A71128DE4F62004B967F /* Base */,
				9A22A71F28DF520C004B967F /* en */,
			);
			name = Localizable.strings;
			sourceTree = "<group>";
		};
/* End PBXVariantGroup section */

/* Begin XCBuildConfiguration section */
		9A40B0BF28D9F26600C9BDC8 /* Debug */ = {
			isa = XCBuildConfiguration;
			buildSettings = {
				ALWAYS_EMBED_SWIFT_STANDARD_LIBRARIES = YES;
				ALWAYS_SEARCH_USER_PATHS = NO;
				CLANG_ANALYZER_LOCALIZABILITY_NONLOCALIZED = YES;
				CLANG_ANALYZER_NONNULL = YES;
				CLANG_ANALYZER_NUMBER_OBJECT_CONVERSION = YES_AGGRESSIVE;
				CLANG_CXX_LANGUAGE_STANDARD = "gnu++17";
				CLANG_ENABLE_MODULES = YES;
				CLANG_ENABLE_OBJC_ARC = YES;
				CLANG_ENABLE_OBJC_WEAK = YES;
				CLANG_WARN_BLOCK_CAPTURE_AUTORELEASING = YES;
				CLANG_WARN_BOOL_CONVERSION = YES;
				CLANG_WARN_COMMA = YES;
				CLANG_WARN_CONSTANT_CONVERSION = YES;
				CLANG_WARN_DEPRECATED_OBJC_IMPLEMENTATIONS = YES;
				CLANG_WARN_DIRECT_OBJC_ISA_USAGE = YES_ERROR;
				CLANG_WARN_DOCUMENTATION_COMMENTS = YES;
				CLANG_WARN_EMPTY_BODY = YES;
				CLANG_WARN_ENUM_CONVERSION = YES;
				CLANG_WARN_INFINITE_RECURSION = YES;
				CLANG_WARN_INT_CONVERSION = YES;
				CLANG_WARN_NON_LITERAL_NULL_CONVERSION = YES;
				CLANG_WARN_OBJC_IMPLICIT_RETAIN_SELF = YES;
				CLANG_WARN_OBJC_LITERAL_CONVERSION = YES;
				CLANG_WARN_OBJC_ROOT_CLASS = YES_ERROR;
				CLANG_WARN_QUOTED_INCLUDE_IN_FRAMEWORK_HEADER = YES;
				CLANG_WARN_RANGE_LOOP_ANALYSIS = YES;
				CLANG_WARN_STRICT_PROTOTYPES = YES;
				CLANG_WARN_SUSPICIOUS_MOVE = YES;
				CLANG_WARN_UNGUARDED_AVAILABILITY = YES_AGGRESSIVE;
				CLANG_WARN_UNREACHABLE_CODE = YES;
				CLANG_WARN__DUPLICATE_METHOD_MATCH = YES;
				COPY_PHASE_STRIP = NO;
				DEBUG_INFORMATION_FORMAT = dwarf;
				ENABLE_STRICT_OBJC_MSGSEND = YES;
				ENABLE_TESTABILITY = YES;
				GCC_C_LANGUAGE_STANDARD = gnu11;
				GCC_DYNAMIC_NO_PIC = NO;
				GCC_NO_COMMON_BLOCKS = YES;
				GCC_OPTIMIZATION_LEVEL = 0;
				GCC_PREPROCESSOR_DEFINITIONS = (
					"DEBUG=1",
					"$(inherited)",
				);
				GCC_WARN_64_TO_32_BIT_CONVERSION = YES;
				GCC_WARN_ABOUT_RETURN_TYPE = YES_ERROR;
				GCC_WARN_UNDECLARED_SELECTOR = YES;
				GCC_WARN_UNINITIALIZED_AUTOS = YES_AGGRESSIVE;
				GCC_WARN_UNUSED_FUNCTION = YES;
				GCC_WARN_UNUSED_VARIABLE = YES;
				IPHONEOS_DEPLOYMENT_TARGET = 15.5;
				MTL_ENABLE_DEBUG_INFO = INCLUDE_SOURCE;
				MTL_FAST_MATH = YES;
				ONLY_ACTIVE_ARCH = YES;
				SDKROOT = iphoneos;
				SWIFT_ACTIVE_COMPILATION_CONDITIONS = DEBUG;
				SWIFT_OPTIMIZATION_LEVEL = "-Onone";
			};
			name = Debug;
		};
		9A40B0C028D9F26600C9BDC8 /* Release */ = {
			isa = XCBuildConfiguration;
			buildSettings = {
				ALWAYS_EMBED_SWIFT_STANDARD_LIBRARIES = YES;
				ALWAYS_SEARCH_USER_PATHS = NO;
				CLANG_ANALYZER_LOCALIZABILITY_NONLOCALIZED = YES;
				CLANG_ANALYZER_NONNULL = YES;
				CLANG_ANALYZER_NUMBER_OBJECT_CONVERSION = YES_AGGRESSIVE;
				CLANG_CXX_LANGUAGE_STANDARD = "gnu++17";
				CLANG_ENABLE_MODULES = YES;
				CLANG_ENABLE_OBJC_ARC = YES;
				CLANG_ENABLE_OBJC_WEAK = YES;
				CLANG_WARN_BLOCK_CAPTURE_AUTORELEASING = YES;
				CLANG_WARN_BOOL_CONVERSION = YES;
				CLANG_WARN_COMMA = YES;
				CLANG_WARN_CONSTANT_CONVERSION = YES;
				CLANG_WARN_DEPRECATED_OBJC_IMPLEMENTATIONS = YES;
				CLANG_WARN_DIRECT_OBJC_ISA_USAGE = YES_ERROR;
				CLANG_WARN_DOCUMENTATION_COMMENTS = YES;
				CLANG_WARN_EMPTY_BODY = YES;
				CLANG_WARN_ENUM_CONVERSION = YES;
				CLANG_WARN_INFINITE_RECURSION = YES;
				CLANG_WARN_INT_CONVERSION = YES;
				CLANG_WARN_NON_LITERAL_NULL_CONVERSION = YES;
				CLANG_WARN_OBJC_IMPLICIT_RETAIN_SELF = YES;
				CLANG_WARN_OBJC_LITERAL_CONVERSION = YES;
				CLANG_WARN_OBJC_ROOT_CLASS = YES_ERROR;
				CLANG_WARN_QUOTED_INCLUDE_IN_FRAMEWORK_HEADER = YES;
				CLANG_WARN_RANGE_LOOP_ANALYSIS = YES;
				CLANG_WARN_STRICT_PROTOTYPES = YES;
				CLANG_WARN_SUSPICIOUS_MOVE = YES;
				CLANG_WARN_UNGUARDED_AVAILABILITY = YES_AGGRESSIVE;
				CLANG_WARN_UNREACHABLE_CODE = YES;
				CLANG_WARN__DUPLICATE_METHOD_MATCH = YES;
				COPY_PHASE_STRIP = NO;
				DEBUG_INFORMATION_FORMAT = "dwarf-with-dsym";
				ENABLE_NS_ASSERTIONS = NO;
				ENABLE_STRICT_OBJC_MSGSEND = YES;
				GCC_C_LANGUAGE_STANDARD = gnu11;
				GCC_NO_COMMON_BLOCKS = YES;
				GCC_WARN_64_TO_32_BIT_CONVERSION = YES;
				GCC_WARN_ABOUT_RETURN_TYPE = YES_ERROR;
				GCC_WARN_UNDECLARED_SELECTOR = YES;
				GCC_WARN_UNINITIALIZED_AUTOS = YES_AGGRESSIVE;
				GCC_WARN_UNUSED_FUNCTION = YES;
				GCC_WARN_UNUSED_VARIABLE = YES;
				IPHONEOS_DEPLOYMENT_TARGET = 15.5;
				MTL_ENABLE_DEBUG_INFO = NO;
				MTL_FAST_MATH = YES;
				SDKROOT = iphoneos;
				SWIFT_COMPILATION_MODE = wholemodule;
				SWIFT_OPTIMIZATION_LEVEL = "-O";
				VALIDATE_PRODUCT = YES;
			};
			name = Release;
		};
		9A40B0C228D9F26600C9BDC8 /* Debug */ = {
			isa = XCBuildConfiguration;
			baseConfigurationReference = 7D5C1BFFF15909674974AE9A /* Pods-CoinList.debug.xcconfig */;
			buildSettings = {
				ASSETCATALOG_COMPILER_APPICON_NAME = AppIcon;
				ASSETCATALOG_COMPILER_GLOBAL_ACCENT_COLOR_NAME = AccentColor;
				CODE_SIGN_STYLE = Automatic;
				CURRENT_PROJECT_VERSION = 1;
				DEVELOPMENT_TEAM = QVKQSTGJ53;
				GENERATE_INFOPLIST_FILE = YES;
				INFOPLIST_FILE = CoinList/Info.plist;
				INFOPLIST_KEY_UIApplicationSupportsIndirectInputEvents = YES;
				INFOPLIST_KEY_UILaunchStoryboardName = "Launch Screen";
				INFOPLIST_KEY_UISupportedInterfaceOrientations = "UIInterfaceOrientationPortrait UIInterfaceOrientationLandscapeLeft UIInterfaceOrientationLandscapeRight";
				INFOPLIST_KEY_UISupportedInterfaceOrientations_iPad = "UIInterfaceOrientationPortrait UIInterfaceOrientationPortraitUpsideDown UIInterfaceOrientationLandscapeLeft UIInterfaceOrientationLandscapeRight";
				INFOPLIST_KEY_UISupportedInterfaceOrientations_iPhone = "UIInterfaceOrientationPortrait UIInterfaceOrientationLandscapeLeft UIInterfaceOrientationLandscapeRight";
				LD_RUNPATH_SEARCH_PATHS = (
					"$(inherited)",
					"@executable_path/Frameworks",
				);
				MARKETING_VERSION = 1.0;
				PRODUCT_BUNDLE_IDENTIFIER = "ie.grigorii.belousov.Coin-List";
				PRODUCT_NAME = "$(TARGET_NAME)";
				SWIFT_EMIT_LOC_STRINGS = YES;
				SWIFT_VERSION = 5.0;
				TARGETED_DEVICE_FAMILY = "1,2";
			};
			name = Debug;
		};
		9A40B0C328D9F26600C9BDC8 /* Release */ = {
			isa = XCBuildConfiguration;
			baseConfigurationReference = 26E4BB244BAB4E71F8C082DF /* Pods-CoinList.release.xcconfig */;
			buildSettings = {
				ASSETCATALOG_COMPILER_APPICON_NAME = AppIcon;
				ASSETCATALOG_COMPILER_GLOBAL_ACCENT_COLOR_NAME = AccentColor;
				CODE_SIGN_STYLE = Automatic;
				CURRENT_PROJECT_VERSION = 1;
				DEVELOPMENT_TEAM = QVKQSTGJ53;
				GENERATE_INFOPLIST_FILE = YES;
				INFOPLIST_FILE = CoinList/Info.plist;
				INFOPLIST_KEY_UIApplicationSupportsIndirectInputEvents = YES;
				INFOPLIST_KEY_UILaunchStoryboardName = "Launch Screen";
				INFOPLIST_KEY_UISupportedInterfaceOrientations = "UIInterfaceOrientationPortrait UIInterfaceOrientationLandscapeLeft UIInterfaceOrientationLandscapeRight";
				INFOPLIST_KEY_UISupportedInterfaceOrientations_iPad = "UIInterfaceOrientationPortrait UIInterfaceOrientationPortraitUpsideDown UIInterfaceOrientationLandscapeLeft UIInterfaceOrientationLandscapeRight";
				INFOPLIST_KEY_UISupportedInterfaceOrientations_iPhone = "UIInterfaceOrientationPortrait UIInterfaceOrientationLandscapeLeft UIInterfaceOrientationLandscapeRight";
				LD_RUNPATH_SEARCH_PATHS = (
					"$(inherited)",
					"@executable_path/Frameworks",
				);
				MARKETING_VERSION = 1.0;
				PRODUCT_BUNDLE_IDENTIFIER = "ie.grigorii.belousov.Coin-List";
				PRODUCT_NAME = "$(TARGET_NAME)";
				SWIFT_EMIT_LOC_STRINGS = YES;
				SWIFT_VERSION = 5.0;
				TARGETED_DEVICE_FAMILY = "1,2";
			};
			name = Release;
		};
		9A40B0C528D9F26600C9BDC8 /* Debug */ = {
			isa = XCBuildConfiguration;
			baseConfigurationReference = 6490F395A75092281898F0CF /* Pods-CoinListTests.debug.xcconfig */;
			buildSettings = {
				ALWAYS_EMBED_SWIFT_STANDARD_LIBRARIES = YES;
				BUNDLE_LOADER = "$(TEST_HOST)";
				CODE_SIGN_STYLE = Automatic;
				CURRENT_PROJECT_VERSION = 1;
				DEVELOPMENT_TEAM = QVKQSTGJ53;
				GENERATE_INFOPLIST_FILE = YES;
				IPHONEOS_DEPLOYMENT_TARGET = 15.5;
				MARKETING_VERSION = 1.0;
				PRODUCT_BUNDLE_IDENTIFIER = "ie.grigorii.belousov.Coin-ListTests";
				PRODUCT_NAME = "$(TARGET_NAME)";
				SWIFT_EMIT_LOC_STRINGS = NO;
				SWIFT_VERSION = 5.0;
				TARGETED_DEVICE_FAMILY = "1,2";
				TEST_HOST = "$(BUILT_PRODUCTS_DIR)/CoinList.app/CoinList";
			};
			name = Debug;
		};
		9A40B0C628D9F26600C9BDC8 /* Release */ = {
			isa = XCBuildConfiguration;
			baseConfigurationReference = 0D1AB96AD66EF6AE8E0FBDC6 /* Pods-CoinListTests.release.xcconfig */;
			buildSettings = {
				ALWAYS_EMBED_SWIFT_STANDARD_LIBRARIES = YES;
				BUNDLE_LOADER = "$(TEST_HOST)";
				CODE_SIGN_STYLE = Automatic;
				CURRENT_PROJECT_VERSION = 1;
				DEVELOPMENT_TEAM = QVKQSTGJ53;
				GENERATE_INFOPLIST_FILE = YES;
				IPHONEOS_DEPLOYMENT_TARGET = 15.5;
				MARKETING_VERSION = 1.0;
				PRODUCT_BUNDLE_IDENTIFIER = "ie.grigorii.belousov.Coin-ListTests";
				PRODUCT_NAME = "$(TARGET_NAME)";
				SWIFT_EMIT_LOC_STRINGS = NO;
				SWIFT_VERSION = 5.0;
				TARGETED_DEVICE_FAMILY = "1,2";
				TEST_HOST = "$(BUILT_PRODUCTS_DIR)/CoinList.app/CoinList";
			};
			name = Release;
		};
		9A40B0C828D9F26600C9BDC8 /* Debug */ = {
			isa = XCBuildConfiguration;
			baseConfigurationReference = EC9FBE0DC3F710E2B190EFF5 /* Pods-CoinList-CoinListUITests.debug.xcconfig */;
			buildSettings = {
				ALWAYS_EMBED_SWIFT_STANDARD_LIBRARIES = YES;
				CODE_SIGN_STYLE = Automatic;
				CURRENT_PROJECT_VERSION = 1;
				DEVELOPMENT_TEAM = QVKQSTGJ53;
				GENERATE_INFOPLIST_FILE = YES;
				MARKETING_VERSION = 1.0;
				PRODUCT_BUNDLE_IDENTIFIER = "ie.grigorii.belousov.Coin-ListUITests";
				PRODUCT_NAME = "$(TARGET_NAME)";
				SWIFT_EMIT_LOC_STRINGS = NO;
				SWIFT_VERSION = 5.0;
				TARGETED_DEVICE_FAMILY = "1,2";
				TEST_TARGET_NAME = "Coin List";
			};
			name = Debug;
		};
		9A40B0C928D9F26600C9BDC8 /* Release */ = {
			isa = XCBuildConfiguration;
			baseConfigurationReference = 2D46F374801516FAF69BAFD3 /* Pods-CoinList-CoinListUITests.release.xcconfig */;
			buildSettings = {
				ALWAYS_EMBED_SWIFT_STANDARD_LIBRARIES = YES;
				CODE_SIGN_STYLE = Automatic;
				CURRENT_PROJECT_VERSION = 1;
				DEVELOPMENT_TEAM = QVKQSTGJ53;
				GENERATE_INFOPLIST_FILE = YES;
				MARKETING_VERSION = 1.0;
				PRODUCT_BUNDLE_IDENTIFIER = "ie.grigorii.belousov.Coin-ListUITests";
				PRODUCT_NAME = "$(TARGET_NAME)";
				SWIFT_EMIT_LOC_STRINGS = NO;
				SWIFT_VERSION = 5.0;
				TARGETED_DEVICE_FAMILY = "1,2";
				TEST_TARGET_NAME = "Coin List";
			};
			name = Release;
		};
/* End XCBuildConfiguration section */

/* Begin XCConfigurationList section */
		9A40B09228D9F26500C9BDC8 /* Build configuration list for PBXProject "CoinList" */ = {
			isa = XCConfigurationList;
			buildConfigurations = (
				9A40B0BF28D9F26600C9BDC8 /* Debug */,
				9A40B0C028D9F26600C9BDC8 /* Release */,
			);
			defaultConfigurationIsVisible = 0;
			defaultConfigurationName = Release;
		};
		9A40B0C128D9F26600C9BDC8 /* Build configuration list for PBXNativeTarget "CoinList" */ = {
			isa = XCConfigurationList;
			buildConfigurations = (
				9A40B0C228D9F26600C9BDC8 /* Debug */,
				9A40B0C328D9F26600C9BDC8 /* Release */,
			);
			defaultConfigurationIsVisible = 0;
			defaultConfigurationName = Release;
		};
		9A40B0C428D9F26600C9BDC8 /* Build configuration list for PBXNativeTarget "CoinListTests" */ = {
			isa = XCConfigurationList;
			buildConfigurations = (
				9A40B0C528D9F26600C9BDC8 /* Debug */,
				9A40B0C628D9F26600C9BDC8 /* Release */,
			);
			defaultConfigurationIsVisible = 0;
			defaultConfigurationName = Release;
		};
		9A40B0C728D9F26600C9BDC8 /* Build configuration list for PBXNativeTarget "CoinListUITests" */ = {
			isa = XCConfigurationList;
			buildConfigurations = (
				9A40B0C828D9F26600C9BDC8 /* Debug */,
				9A40B0C928D9F26600C9BDC8 /* Release */,
			);
			defaultConfigurationIsVisible = 0;
			defaultConfigurationName = Release;
		};
/* End XCConfigurationList section */
	};
	rootObject = 9A40B08F28D9F26500C9BDC8 /* Project object */;
}
