// !$*UTF8*$!
{
	archiveVersion = 1;
	classes = {
	};
	objectVersion = 55;
	objects = {

/* Begin PBXBuildFile section */
		9A40B09B28D9F26500C9BDC8 /* AppDelegate.swift in Sources */ = {isa = PBXBuildFile; fileRef = 9A40B09A28D9F26500C9BDC8 /* AppDelegate.swift */; };
		9A40B09D28D9F26500C9BDC8 /* SceneDelegate.swift in Sources */ = {isa = PBXBuildFile; fileRef = 9A40B09C28D9F26500C9BDC8 /* SceneDelegate.swift */; };
		9A40B09F28D9F26500C9BDC8 /* ViewController.swift in Sources */ = {isa = PBXBuildFile; fileRef = 9A40B09E28D9F26500C9BDC8 /* ViewController.swift */; };
		9A40B0A228D9F26500C9BDC8 /* Main.storyboard in Resources */ = {isa = PBXBuildFile; fileRef = 9A40B0A028D9F26500C9BDC8 /* Main.storyboard */; };
		9A40B0A428D9F26600C9BDC8 /* Assets.xcassets in Resources */ = {isa = PBXBuildFile; fileRef = 9A40B0A328D9F26600C9BDC8 /* Assets.xcassets */; };
		9A40B0A728D9F26600C9BDC8 /* LaunchScreen.storyboard in Resources */ = {isa = PBXBuildFile; fileRef = 9A40B0A528D9F26600C9BDC8 /* LaunchScreen.storyboard */; };
		9A40B0B228D9F26600C9BDC8 /* Coin_ListTests.swift in Sources */ = {isa = PBXBuildFile; fileRef = 9A40B0B128D9F26600C9BDC8 /* Coin_ListTests.swift */; };
		9A40B0BC28D9F26600C9BDC8 /* Coin_ListUITests.swift in Sources */ = {isa = PBXBuildFile; fileRef = 9A40B0BB28D9F26600C9BDC8 /* Coin_ListUITests.swift */; };
		9A40B0BE28D9F26600C9BDC8 /* Coin_ListUITestsLaunchTests.swift in Sources */ = {isa = PBXBuildFile; fileRef = 9A40B0BD28D9F26600C9BDC8 /* Coin_ListUITestsLaunchTests.swift */; };
/* End PBXBuildFile section */

/* Begin PBXContainerItemProxy section */
		9A40B0AE28D9F26600C9BDC8 /* PBXContainerItemProxy */ = {
			isa = PBXContainerItemProxy;
			containerPortal = 9A40B08F28D9F26500C9BDC8 /* Project object */;
			proxyType = 1;
			remoteGlobalIDString = 9A40B09628D9F26500C9BDC8;
			remoteInfo = "Coin List";
		};
		9A40B0B828D9F26600C9BDC8 /* PBXContainerItemProxy */ = {
			isa = PBXContainerItemProxy;
			containerPortal = 9A40B08F28D9F26500C9BDC8 /* Project object */;
			proxyType = 1;
			remoteGlobalIDString = 9A40B09628D9F26500C9BDC8;
			remoteInfo = "Coin List";
		};
/* End PBXContainerItemProxy section */

/* Begin PBXFileReference section */
		9A40B09728D9F26500C9BDC8 /* Coin List.app */ = {isa = PBXFileReference; explicitFileType = wrapper.application; includeInIndex = 0; path = "Coin List.app"; sourceTree = BUILT_PRODUCTS_DIR; };
		9A40B09A28D9F26500C9BDC8 /* AppDelegate.swift */ = {isa = PBXFileReference; lastKnownFileType = sourcecode.swift; path = AppDelegate.swift; sourceTree = "<group>"; };
		9A40B09C28D9F26500C9BDC8 /* SceneDelegate.swift */ = {isa = PBXFileReference; lastKnownFileType = sourcecode.swift; path = SceneDelegate.swift; sourceTree = "<group>"; };
		9A40B09E28D9F26500C9BDC8 /* ViewController.swift */ = {isa = PBXFileReference; lastKnownFileType = sourcecode.swift; path = ViewController.swift; sourceTree = "<group>"; };
		9A40B0A128D9F26500C9BDC8 /* Base */ = {isa = PBXFileReference; lastKnownFileType = file.storyboard; name = Base; path = Base.lproj/Main.storyboard; sourceTree = "<group>"; };
		9A40B0A328D9F26600C9BDC8 /* Assets.xcassets */ = {isa = PBXFileReference; lastKnownFileType = folder.assetcatalog; path = Assets.xcassets; sourceTree = "<group>"; };
		9A40B0A628D9F26600C9BDC8 /* Base */ = {isa = PBXFileReference; lastKnownFileType = file.storyboard; name = Base; path = Base.lproj/LaunchScreen.storyboard; sourceTree = "<group>"; };
		9A40B0A828D9F26600C9BDC8 /* Info.plist */ = {isa = PBXFileReference; lastKnownFileType = text.plist.xml; path = Info.plist; sourceTree = "<group>"; };
		9A40B0AD28D9F26600C9BDC8 /* Coin ListTests.xctest */ = {isa = PBXFileReference; explicitFileType = wrapper.cfbundle; includeInIndex = 0; path = "Coin ListTests.xctest"; sourceTree = BUILT_PRODUCTS_DIR; };
		9A40B0B128D9F26600C9BDC8 /* Coin_ListTests.swift */ = {isa = PBXFileReference; lastKnownFileType = sourcecode.swift; path = Coin_ListTests.swift; sourceTree = "<group>"; };
		9A40B0B728D9F26600C9BDC8 /* Coin ListUITests.xctest */ = {isa = PBXFileReference; explicitFileType = wrapper.cfbundle; includeInIndex = 0; path = "Coin ListUITests.xctest"; sourceTree = BUILT_PRODUCTS_DIR; };
		9A40B0BB28D9F26600C9BDC8 /* Coin_ListUITests.swift */ = {isa = PBXFileReference; lastKnownFileType = sourcecode.swift; path = Coin_ListUITests.swift; sourceTree = "<group>"; };
		9A40B0BD28D9F26600C9BDC8 /* Coin_ListUITestsLaunchTests.swift */ = {isa = PBXFileReference; lastKnownFileType = sourcecode.swift; path = Coin_ListUITestsLaunchTests.swift; sourceTree = "<group>"; };
/* End PBXFileReference section */

/* Begin PBXFrameworksBuildPhase section */
		9A40B09428D9F26500C9BDC8 /* Frameworks */ = {
			isa = PBXFrameworksBuildPhase;
			buildActionMask = 2147483647;
			files = (
			);
			runOnlyForDeploymentPostprocessing = 0;
		};
		9A40B0AA28D9F26600C9BDC8 /* Frameworks */ = {
			isa = PBXFrameworksBuildPhase;
			buildActionMask = 2147483647;
			files = (
			);
			runOnlyForDeploymentPostprocessing = 0;
		};
		9A40B0B428D9F26600C9BDC8 /* Frameworks */ = {
			isa = PBXFrameworksBuildPhase;
			buildActionMask = 2147483647;
			files = (
			);
			runOnlyForDeploymentPostprocessing = 0;
		};
/* End PBXFrameworksBuildPhase section */

/* Begin PBXGroup section */
		9A40B08E28D9F26500C9BDC8 = {
			isa = PBXGroup;
			children = (
				9A40B09928D9F26500C9BDC8 /* Coin List */,
				9A40B0B028D9F26600C9BDC8 /* Coin ListTests */,
				9A40B0BA28D9F26600C9BDC8 /* Coin ListUITests */,
				9A40B09828D9F26500C9BDC8 /* Products */,
			);
			sourceTree = "<group>";
		};
		9A40B09828D9F26500C9BDC8 /* Products */ = {
			isa = PBXGroup;
			children = (
				9A40B09728D9F26500C9BDC8 /* Coin List.app */,
				9A40B0AD28D9F26600C9BDC8 /* Coin ListTests.xctest */,
				9A40B0B728D9F26600C9BDC8 /* Coin ListUITests.xctest */,
			);
			name = Products;
			sourceTree = "<group>";
		};
		9A40B09928D9F26500C9BDC8 /* Coin List */ = {
			isa = PBXGroup;
			children = (
				9A40B09A28D9F26500C9BDC8 /* AppDelegate.swift */,
				9A40B09C28D9F26500C9BDC8 /* SceneDelegate.swift */,
				9A40B09E28D9F26500C9BDC8 /* ViewController.swift */,
				9A40B0A028D9F26500C9BDC8 /* Main.storyboard */,
				9A40B0A328D9F26600C9BDC8 /* Assets.xcassets */,
				9A40B0A528D9F26600C9BDC8 /* LaunchScreen.storyboard */,
				9A40B0A828D9F26600C9BDC8 /* Info.plist */,
			);
			path = "Coin List";
			sourceTree = "<group>";
		};
		9A40B0B028D9F26600C9BDC8 /* Coin ListTests */ = {
			isa = PBXGroup;
			children = (
				9A40B0B128D9F26600C9BDC8 /* Coin_ListTests.swift */,
			);
			path = "Coin ListTests";
			sourceTree = "<group>";
		};
		9A40B0BA28D9F26600C9BDC8 /* Coin ListUITests */ = {
			isa = PBXGroup;
			children = (
				9A40B0BB28D9F26600C9BDC8 /* Coin_ListUITests.swift */,
				9A40B0BD28D9F26600C9BDC8 /* Coin_ListUITestsLaunchTests.swift */,
			);
			path = "Coin ListUITests";
			sourceTree = "<group>";
		};
/* End PBXGroup section */

/* Begin PBXNativeTarget section */
		9A40B09628D9F26500C9BDC8 /* Coin List */ = {
			isa = PBXNativeTarget;
			buildConfigurationList = 9A40B0C128D9F26600C9BDC8 /* Build configuration list for PBXNativeTarget "Coin List" */;
			buildPhases = (
				9A40B09328D9F26500C9BDC8 /* Sources */,
				9A40B09428D9F26500C9BDC8 /* Frameworks */,
				9A40B09528D9F26500C9BDC8 /* Resources */,
			);
			buildRules = (
			);
			dependencies = (
			);
			name = "Coin List";
			productName = "Coin List";
			productReference = 9A40B09728D9F26500C9BDC8 /* Coin List.app */;
			productType = "com.apple.product-type.application";
		};
		9A40B0AC28D9F26600C9BDC8 /* Coin ListTests */ = {
			isa = PBXNativeTarget;
			buildConfigurationList = 9A40B0C428D9F26600C9BDC8 /* Build configuration list for PBXNativeTarget "Coin ListTests" */;
			buildPhases = (
				9A40B0A928D9F26600C9BDC8 /* Sources */,
				9A40B0AA28D9F26600C9BDC8 /* Frameworks */,
				9A40B0AB28D9F26600C9BDC8 /* Resources */,
			);
			buildRules = (
			);
			dependencies = (
				9A40B0AF28D9F26600C9BDC8 /* PBXTargetDependency */,
			);
			name = "Coin ListTests";
			productName = "Coin ListTests";
			productReference = 9A40B0AD28D9F26600C9BDC8 /* Coin ListTests.xctest */;
			productType = "com.apple.product-type.bundle.unit-test";
		};
		9A40B0B628D9F26600C9BDC8 /* Coin ListUITests */ = {
			isa = PBXNativeTarget;
			buildConfigurationList = 9A40B0C728D9F26600C9BDC8 /* Build configuration list for PBXNativeTarget "Coin ListUITests" */;
			buildPhases = (
				9A40B0B328D9F26600C9BDC8 /* Sources */,
				9A40B0B428D9F26600C9BDC8 /* Frameworks */,
				9A40B0B528D9F26600C9BDC8 /* Resources */,
			);
			buildRules = (
			);
			dependencies = (
				9A40B0B928D9F26600C9BDC8 /* PBXTargetDependency */,
			);
			name = "Coin ListUITests";
			productName = "Coin ListUITests";
			productReference = 9A40B0B728D9F26600C9BDC8 /* Coin ListUITests.xctest */;
			productType = "com.apple.product-type.bundle.ui-testing";
		};
/* End PBXNativeTarget section */

/* Begin PBXProject section */
		9A40B08F28D9F26500C9BDC8 /* Project object */ = {
			isa = PBXProject;
			attributes = {
				BuildIndependentTargetsInParallel = 1;
				LastSwiftUpdateCheck = 1340;
				LastUpgradeCheck = 1340;
				TargetAttributes = {
					9A40B09628D9F26500C9BDC8 = {
						CreatedOnToolsVersion = 13.4.1;
					};
					9A40B0AC28D9F26600C9BDC8 = {
						CreatedOnToolsVersion = 13.4.1;
						TestTargetID = 9A40B09628D9F26500C9BDC8;
					};
					9A40B0B628D9F26600C9BDC8 = {
						CreatedOnToolsVersion = 13.4.1;
						TestTargetID = 9A40B09628D9F26500C9BDC8;
					};
				};
			};
			buildConfigurationList = 9A40B09228D9F26500C9BDC8 /* Build configuration list for PBXProject "Coin List" */;
			compatibilityVersion = "Xcode 13.0";
			developmentRegion = en;
			hasScannedForEncodings = 0;
			knownRegions = (
				en,
				Base,
			);
			mainGroup = 9A40B08E28D9F26500C9BDC8;
			productRefGroup = 9A40B09828D9F26500C9BDC8 /* Products */;
			projectDirPath = "";
			projectRoot = "";
			targets = (
				9A40B09628D9F26500C9BDC8 /* Coin List */,
				9A40B0AC28D9F26600C9BDC8 /* Coin ListTests */,
				9A40B0B628D9F26600C9BDC8 /* Coin ListUITests */,
			);
		};
/* End PBXProject section */

/* Begin PBXResourcesBuildPhase section */
		9A40B09528D9F26500C9BDC8 /* Resources */ = {
			isa = PBXResourcesBuildPhase;
			buildActionMask = 2147483647;
			files = (
				9A40B0A728D9F26600C9BDC8 /* LaunchScreen.storyboard in Resources */,
				9A40B0A428D9F26600C9BDC8 /* Assets.xcassets in Resources */,
				9A40B0A228D9F26500C9BDC8 /* Main.storyboard in Resources */,
			);
			runOnlyForDeploymentPostprocessing = 0;
		};
		9A40B0AB28D9F26600C9BDC8 /* Resources */ = {
			isa = PBXResourcesBuildPhase;
			buildActionMask = 2147483647;
			files = (
			);
			runOnlyForDeploymentPostprocessing = 0;
		};
		9A40B0B528D9F26600C9BDC8 /* Resources */ = {
			isa = PBXResourcesBuildPhase;
			buildActionMask = 2147483647;
			files = (
			);
			runOnlyForDeploymentPostprocessing = 0;
		};
/* End PBXResourcesBuildPhase section */

/* Begin PBXSourcesBuildPhase section */
		9A40B09328D9F26500C9BDC8 /* Sources */ = {
			isa = PBXSourcesBuildPhase;
			buildActionMask = 2147483647;
			files = (
				9A40B09F28D9F26500C9BDC8 /* ViewController.swift in Sources */,
				9A40B09B28D9F26500C9BDC8 /* AppDelegate.swift in Sources */,
				9A40B09D28D9F26500C9BDC8 /* SceneDelegate.swift in Sources */,
			);
			runOnlyForDeploymentPostprocessing = 0;
		};
		9A40B0A928D9F26600C9BDC8 /* Sources */ = {
			isa = PBXSourcesBuildPhase;
			buildActionMask = 2147483647;
			files = (
				9A40B0B228D9F26600C9BDC8 /* Coin_ListTests.swift in Sources */,
			);
			runOnlyForDeploymentPostprocessing = 0;
		};
		9A40B0B328D9F26600C9BDC8 /* Sources */ = {
			isa = PBXSourcesBuildPhase;
			buildActionMask = 2147483647;
			files = (
				9A40B0BC28D9F26600C9BDC8 /* Coin_ListUITests.swift in Sources */,
				9A40B0BE28D9F26600C9BDC8 /* Coin_ListUITestsLaunchTests.swift in Sources */,
			);
			runOnlyForDeploymentPostprocessing = 0;
		};
/* End PBXSourcesBuildPhase section */

/* Begin PBXTargetDependency section */
		9A40B0AF28D9F26600C9BDC8 /* PBXTargetDependency */ = {
			isa = PBXTargetDependency;
			target = 9A40B09628D9F26500C9BDC8 /* Coin List */;
			targetProxy = 9A40B0AE28D9F26600C9BDC8 /* PBXContainerItemProxy */;
		};
		9A40B0B928D9F26600C9BDC8 /* PBXTargetDependency */ = {
			isa = PBXTargetDependency;
			target = 9A40B09628D9F26500C9BDC8 /* Coin List */;
			targetProxy = 9A40B0B828D9F26600C9BDC8 /* PBXContainerItemProxy */;
		};
/* End PBXTargetDependency section */

/* Begin PBXVariantGroup section */
		9A40B0A028D9F26500C9BDC8 /* Main.storyboard */ = {
			isa = PBXVariantGroup;
			children = (
				9A40B0A128D9F26500C9BDC8 /* Base */,
			);
			name = Main.storyboard;
			sourceTree = "<group>";
		};
		9A40B0A528D9F26600C9BDC8 /* LaunchScreen.storyboard */ = {
			isa = PBXVariantGroup;
			children = (
				9A40B0A628D9F26600C9BDC8 /* Base */,
			);
			name = LaunchScreen.storyboard;
			sourceTree = "<group>";
		};
/* End PBXVariantGroup section */

/* Begin XCBuildConfiguration section */
		9A40B0BF28D9F26600C9BDC8 /* Debug */ = {
			isa = XCBuildConfiguration;
			buildSettings = {
				ALWAYS_SEARCH_USER_PATHS = NO;
				CLANG_ANALYZER_NONNULL = YES;
				CLANG_ANALYZER_NUMBER_OBJECT_CONVERSION = YES_AGGRESSIVE;
				CLANG_CXX_LANGUAGE_STANDARD = "gnu++17";
				CLANG_ENABLE_MODULES = YES;
				CLANG_ENABLE_OBJC_ARC = YES;
				CLANG_ENABLE_OBJC_WEAK = YES;
				CLANG_WARN_BLOCK_CAPTURE_AUTORELEASING = YES;
				CLANG_WARN_BOOL_CONVERSION = YES;
				CLANG_WARN_COMMA = YES;
				CLANG_WARN_CONSTANT_CONVERSION = YES;
				CLANG_WARN_DEPRECATED_OBJC_IMPLEMENTATIONS = YES;
				CLANG_WARN_DIRECT_OBJC_ISA_USAGE = YES_ERROR;
				CLANG_WARN_DOCUMENTATION_COMMENTS = YES;
				CLANG_WARN_EMPTY_BODY = YES;
				CLANG_WARN_ENUM_CONVERSION = YES;
				CLANG_WARN_INFINITE_RECURSION = YES;
				CLANG_WARN_INT_CONVERSION = YES;
				CLANG_WARN_NON_LITERAL_NULL_CONVERSION = YES;
				CLANG_WARN_OBJC_IMPLICIT_RETAIN_SELF = YES;
				CLANG_WARN_OBJC_LITERAL_CONVERSION = YES;
				CLANG_WARN_OBJC_ROOT_CLASS = YES_ERROR;
				CLANG_WARN_QUOTED_INCLUDE_IN_FRAMEWORK_HEADER = YES;
				CLANG_WARN_RANGE_LOOP_ANALYSIS = YES;
				CLANG_WARN_STRICT_PROTOTYPES = YES;
				CLANG_WARN_SUSPICIOUS_MOVE = YES;
				CLANG_WARN_UNGUARDED_AVAILABILITY = YES_AGGRESSIVE;
				CLANG_WARN_UNREACHABLE_CODE = YES;
				CLANG_WARN__DUPLICATE_METHOD_MATCH = YES;
				COPY_PHASE_STRIP = NO;
				DEBUG_INFORMATION_FORMAT = dwarf;
				ENABLE_STRICT_OBJC_MSGSEND = YES;
				ENABLE_TESTABILITY = YES;
				GCC_C_LANGUAGE_STANDARD = gnu11;
				GCC_DYNAMIC_NO_PIC = NO;
				GCC_NO_COMMON_BLOCKS = YES;
				GCC_OPTIMIZATION_LEVEL = 0;
				GCC_PREPROCESSOR_DEFINITIONS = (
					"DEBUG=1",
					"$(inherited)",
				);
				GCC_WARN_64_TO_32_BIT_CONVERSION = YES;
				GCC_WARN_ABOUT_RETURN_TYPE = YES_ERROR;
				GCC_WARN_UNDECLARED_SELECTOR = YES;
				GCC_WARN_UNINITIALIZED_AUTOS = YES_AGGRESSIVE;
				GCC_WARN_UNUSED_FUNCTION = YES;
				GCC_WARN_UNUSED_VARIABLE = YES;
				IPHONEOS_DEPLOYMENT_TARGET = 15.5;
				MTL_ENABLE_DEBUG_INFO = INCLUDE_SOURCE;
				MTL_FAST_MATH = YES;
				ONLY_ACTIVE_ARCH = YES;
				SDKROOT = iphoneos;
				SWIFT_ACTIVE_COMPILATION_CONDITIONS = DEBUG;
				SWIFT_OPTIMIZATION_LEVEL = "-Onone";
			};
			name = Debug;
		};
		9A40B0C028D9F26600C9BDC8 /* Release */ = {
			isa = XCBuildConfiguration;
			buildSettings = {
				ALWAYS_SEARCH_USER_PATHS = NO;
				CLANG_ANALYZER_NONNULL = YES;
				CLANG_ANALYZER_NUMBER_OBJECT_CONVERSION = YES_AGGRESSIVE;
				CLANG_CXX_LANGUAGE_STANDARD = "gnu++17";
				CLANG_ENABLE_MODULES = YES;
				CLANG_ENABLE_OBJC_ARC = YES;
				CLANG_ENABLE_OBJC_WEAK = YES;
				CLANG_WARN_BLOCK_CAPTURE_AUTORELEASING = YES;
				CLANG_WARN_BOOL_CONVERSION = YES;
				CLANG_WARN_COMMA = YES;
				CLANG_WARN_CONSTANT_CONVERSION = YES;
				CLANG_WARN_DEPRECATED_OBJC_IMPLEMENTATIONS = YES;
				CLANG_WARN_DIRECT_OBJC_ISA_USAGE = YES_ERROR;
				CLANG_WARN_DOCUMENTATION_COMMENTS = YES;
				CLANG_WARN_EMPTY_BODY = YES;
				CLANG_WARN_ENUM_CONVERSION = YES;
				CLANG_WARN_INFINITE_RECURSION = YES;
				CLANG_WARN_INT_CONVERSION = YES;
				CLANG_WARN_NON_LITERAL_NULL_CONVERSION = YES;
				CLANG_WARN_OBJC_IMPLICIT_RETAIN_SELF = YES;
				CLANG_WARN_OBJC_LITERAL_CONVERSION = YES;
				CLANG_WARN_OBJC_ROOT_CLASS = YES_ERROR;
				CLANG_WARN_QUOTED_INCLUDE_IN_FRAMEWORK_HEADER = YES;
				CLANG_WARN_RANGE_LOOP_ANALYSIS = YES;
				CLANG_WARN_STRICT_PROTOTYPES = YES;
				CLANG_WARN_SUSPICIOUS_MOVE = YES;
				CLANG_WARN_UNGUARDED_AVAILABILITY = YES_AGGRESSIVE;
				CLANG_WARN_UNREACHABLE_CODE = YES;
				CLANG_WARN__DUPLICATE_METHOD_MATCH = YES;
				COPY_PHASE_STRIP = NO;
				DEBUG_INFORMATION_FORMAT = "dwarf-with-dsym";
				ENABLE_NS_ASSERTIONS = NO;
				ENABLE_STRICT_OBJC_MSGSEND = YES;
				GCC_C_LANGUAGE_STANDARD = gnu11;
				GCC_NO_COMMON_BLOCKS = YES;
				GCC_WARN_64_TO_32_BIT_CONVERSION = YES;
				GCC_WARN_ABOUT_RETURN_TYPE = YES_ERROR;
				GCC_WARN_UNDECLARED_SELECTOR = YES;
				GCC_WARN_UNINITIALIZED_AUTOS = YES_AGGRESSIVE;
				GCC_WARN_UNUSED_FUNCTION = YES;
				GCC_WARN_UNUSED_VARIABLE = YES;
				IPHONEOS_DEPLOYMENT_TARGET = 15.5;
				MTL_ENABLE_DEBUG_INFO = NO;
				MTL_FAST_MATH = YES;
				SDKROOT = iphoneos;
				SWIFT_COMPILATION_MODE = wholemodule;
				SWIFT_OPTIMIZATION_LEVEL = "-O";
				VALIDATE_PRODUCT = YES;
			};
			name = Release;
		};
		9A40B0C228D9F26600C9BDC8 /* Debug */ = {
			isa = XCBuildConfiguration;
			buildSettings = {
				ASSETCATALOG_COMPILER_APPICON_NAME = AppIcon;
				ASSETCATALOG_COMPILER_GLOBAL_ACCENT_COLOR_NAME = AccentColor;
				CODE_SIGN_STYLE = Automatic;
				CURRENT_PROJECT_VERSION = 1;
				DEVELOPMENT_TEAM = QVKQSTGJ53;
				GENERATE_INFOPLIST_FILE = YES;
				INFOPLIST_FILE = "Coin List/Info.plist";
				INFOPLIST_KEY_UIApplicationSupportsIndirectInputEvents = YES;
				INFOPLIST_KEY_UILaunchStoryboardName = LaunchScreen;
				INFOPLIST_KEY_UIMainStoryboardFile = Main;
				INFOPLIST_KEY_UISupportedInterfaceOrientations_iPad = "UIInterfaceOrientationPortrait UIInterfaceOrientationPortraitUpsideDown UIInterfaceOrientationLandscapeLeft UIInterfaceOrientationLandscapeRight";
				INFOPLIST_KEY_UISupportedInterfaceOrientations_iPhone = "UIInterfaceOrientationPortrait UIInterfaceOrientationLandscapeLeft UIInterfaceOrientationLandscapeRight";
				LD_RUNPATH_SEARCH_PATHS = (
					"$(inherited)",
					"@executable_path/Frameworks",
				);
				MARKETING_VERSION = 1.0;
				PRODUCT_BUNDLE_IDENTIFIER = "ie.grigorii.belousov.Coin-List";
				PRODUCT_NAME = "$(TARGET_NAME)";
				SWIFT_EMIT_LOC_STRINGS = YES;
				SWIFT_VERSION = 5.0;
				TARGETED_DEVICE_FAMILY = "1,2";
			};
			name = Debug;
		};
		9A40B0C328D9F26600C9BDC8 /* Release */ = {
			isa = XCBuildConfiguration;
			buildSettings = {
				ASSETCATALOG_COMPILER_APPICON_NAME = AppIcon;
				ASSETCATALOG_COMPILER_GLOBAL_ACCENT_COLOR_NAME = AccentColor;
				CODE_SIGN_STYLE = Automatic;
				CURRENT_PROJECT_VERSION = 1;
				DEVELOPMENT_TEAM = QVKQSTGJ53;
				GENERATE_INFOPLIST_FILE = YES;
				INFOPLIST_FILE = "Coin List/Info.plist";
				INFOPLIST_KEY_UIApplicationSupportsIndirectInputEvents = YES;
				INFOPLIST_KEY_UILaunchStoryboardName = LaunchScreen;
				INFOPLIST_KEY_UIMainStoryboardFile = Main;
				INFOPLIST_KEY_UISupportedInterfaceOrientations_iPad = "UIInterfaceOrientationPortrait UIInterfaceOrientationPortraitUpsideDown UIInterfaceOrientationLandscapeLeft UIInterfaceOrientationLandscapeRight";
				INFOPLIST_KEY_UISupportedInterfaceOrientations_iPhone = "UIInterfaceOrientationPortrait UIInterfaceOrientationLandscapeLeft UIInterfaceOrientationLandscapeRight";
				LD_RUNPATH_SEARCH_PATHS = (
					"$(inherited)",
					"@executable_path/Frameworks",
				);
				MARKETING_VERSION = 1.0;
				PRODUCT_BUNDLE_IDENTIFIER = "ie.grigorii.belousov.Coin-List";
				PRODUCT_NAME = "$(TARGET_NAME)";
				SWIFT_EMIT_LOC_STRINGS = YES;
				SWIFT_VERSION = 5.0;
				TARGETED_DEVICE_FAMILY = "1,2";
			};
			name = Release;
		};
		9A40B0C528D9F26600C9BDC8 /* Debug */ = {
			isa = XCBuildConfiguration;
			buildSettings = {
				ALWAYS_EMBED_SWIFT_STANDARD_LIBRARIES = YES;
				BUNDLE_LOADER = "$(TEST_HOST)";
				CODE_SIGN_STYLE = Automatic;
				CURRENT_PROJECT_VERSION = 1;
				DEVELOPMENT_TEAM = QVKQSTGJ53;
				GENERATE_INFOPLIST_FILE = YES;
				IPHONEOS_DEPLOYMENT_TARGET = 15.5;
				MARKETING_VERSION = 1.0;
				PRODUCT_BUNDLE_IDENTIFIER = "ie.grigorii.belousov.Coin-ListTests";
				PRODUCT_NAME = "$(TARGET_NAME)";
				SWIFT_EMIT_LOC_STRINGS = NO;
				SWIFT_VERSION = 5.0;
				TARGETED_DEVICE_FAMILY = "1,2";
				TEST_HOST = "$(BUILT_PRODUCTS_DIR)/Coin List.app/Coin List";
			};
			name = Debug;
		};
		9A40B0C628D9F26600C9BDC8 /* Release */ = {
			isa = XCBuildConfiguration;
			buildSettings = {
				ALWAYS_EMBED_SWIFT_STANDARD_LIBRARIES = YES;
				BUNDLE_LOADER = "$(TEST_HOST)";
				CODE_SIGN_STYLE = Automatic;
				CURRENT_PROJECT_VERSION = 1;
				DEVELOPMENT_TEAM = QVKQSTGJ53;
				GENERATE_INFOPLIST_FILE = YES;
				IPHONEOS_DEPLOYMENT_TARGET = 15.5;
				MARKETING_VERSION = 1.0;
				PRODUCT_BUNDLE_IDENTIFIER = "ie.grigorii.belousov.Coin-ListTests";
				PRODUCT_NAME = "$(TARGET_NAME)";
				SWIFT_EMIT_LOC_STRINGS = NO;
				SWIFT_VERSION = 5.0;
				TARGETED_DEVICE_FAMILY = "1,2";
				TEST_HOST = "$(BUILT_PRODUCTS_DIR)/Coin List.app/Coin List";
			};
			name = Release;
		};
		9A40B0C828D9F26600C9BDC8 /* Debug */ = {
			isa = XCBuildConfiguration;
			buildSettings = {
				ALWAYS_EMBED_SWIFT_STANDARD_LIBRARIES = YES;
				CODE_SIGN_STYLE = Automatic;
				CURRENT_PROJECT_VERSION = 1;
				DEVELOPMENT_TEAM = QVKQSTGJ53;
				GENERATE_INFOPLIST_FILE = YES;
				MARKETING_VERSION = 1.0;
				PRODUCT_BUNDLE_IDENTIFIER = "ie.grigorii.belousov.Coin-ListUITests";
				PRODUCT_NAME = "$(TARGET_NAME)";
				SWIFT_EMIT_LOC_STRINGS = NO;
				SWIFT_VERSION = 5.0;
				TARGETED_DEVICE_FAMILY = "1,2";
				TEST_TARGET_NAME = "Coin List";
			};
			name = Debug;
		};
		9A40B0C928D9F26600C9BDC8 /* Release */ = {
			isa = XCBuildConfiguration;
			buildSettings = {
				ALWAYS_EMBED_SWIFT_STANDARD_LIBRARIES = YES;
				CODE_SIGN_STYLE = Automatic;
				CURRENT_PROJECT_VERSION = 1;
				DEVELOPMENT_TEAM = QVKQSTGJ53;
				GENERATE_INFOPLIST_FILE = YES;
				MARKETING_VERSION = 1.0;
				PRODUCT_BUNDLE_IDENTIFIER = "ie.grigorii.belousov.Coin-ListUITests";
				PRODUCT_NAME = "$(TARGET_NAME)";
				SWIFT_EMIT_LOC_STRINGS = NO;
				SWIFT_VERSION = 5.0;
				TARGETED_DEVICE_FAMILY = "1,2";
				TEST_TARGET_NAME = "Coin List";
			};
			name = Release;
		};
/* End XCBuildConfiguration section */

/* Begin XCConfigurationList section */
		9A40B09228D9F26500C9BDC8 /* Build configuration list for PBXProject "Coin List" */ = {
			isa = XCConfigurationList;
			buildConfigurations = (
				9A40B0BF28D9F26600C9BDC8 /* Debug */,
				9A40B0C028D9F26600C9BDC8 /* Release */,
			);
			defaultConfigurationIsVisible = 0;
			defaultConfigurationName = Release;
		};
		9A40B0C128D9F26600C9BDC8 /* Build configuration list for PBXNativeTarget "Coin List" */ = {
			isa = XCConfigurationList;
			buildConfigurations = (
				9A40B0C228D9F26600C9BDC8 /* Debug */,
				9A40B0C328D9F26600C9BDC8 /* Release */,
			);
			defaultConfigurationIsVisible = 0;
			defaultConfigurationName = Release;
		};
		9A40B0C428D9F26600C9BDC8 /* Build configuration list for PBXNativeTarget "Coin ListTests" */ = {
			isa = XCConfigurationList;
			buildConfigurations = (
				9A40B0C528D9F26600C9BDC8 /* Debug */,
				9A40B0C628D9F26600C9BDC8 /* Release */,
			);
			defaultConfigurationIsVisible = 0;
			defaultConfigurationName = Release;
		};
		9A40B0C728D9F26600C9BDC8 /* Build configuration list for PBXNativeTarget "Coin ListUITests" */ = {
			isa = XCConfigurationList;
			buildConfigurations = (
				9A40B0C828D9F26600C9BDC8 /* Debug */,
				9A40B0C928D9F26600C9BDC8 /* Release */,
			);
			defaultConfigurationIsVisible = 0;
			defaultConfigurationName = Release;
		};
/* End XCConfigurationList section */
	};
	rootObject = 9A40B08F28D9F26500C9BDC8 /* Project object */;
}
